// !$*UTF8*$!
{
	archiveVersion = 1;
	classes = {
	};
	objectVersion = 46;
	objects = {

/* Begin PBXAggregateTarget section */
		A4329AC81DF039F40012DB71 /* CLUIKit-Aggregate */ = {
			isa = PBXAggregateTarget;
			buildConfigurationList = A4329AC91DF039F40012DB71 /* Build configuration list for PBXAggregateTarget "CLUIKit-Aggregate" */;
			buildPhases = (
				A4329ACC1DF039F80012DB71 /* ShellScript */,
			);
			dependencies = (
			);
			name = "CLUIKit-Aggregate";
			productName = "CLUIKit-Aggregate";
		};
/* End PBXAggregateTarget section */

/* Begin PBXBuildFile section */
		A42061C62014AD69009C0E72 /* UICollectionView+CLCollectionView.m in Sources */ = {isa = PBXBuildFile; fileRef = A42061C12014AD69009C0E72 /* UICollectionView+CLCollectionView.m */; };
		A42061C72014AD69009C0E72 /* UICollectionView+CLCollectionView.h in Headers */ = {isa = PBXBuildFile; fileRef = A42061C22014AD69009C0E72 /* UICollectionView+CLCollectionView.h */; settings = {ATTRIBUTES = (Public, ); }; };
		A42061C82014AD69009C0E72 /* UITableView+CLTableView.m in Sources */ = {isa = PBXBuildFile; fileRef = A42061C42014AD69009C0E72 /* UITableView+CLTableView.m */; };
		A42061C92014AD69009C0E72 /* UITableView+CLTableView.h in Headers */ = {isa = PBXBuildFile; fileRef = A42061C52014AD69009C0E72 /* UITableView+CLTableView.h */; settings = {ATTRIBUTES = (Public, ); }; };
		A42AC47F1F15C20900DA0D58 /* CLTitleView.bundle in Resources */ = {isa = PBXBuildFile; fileRef = A42AC4261F15C20900DA0D58 /* CLTitleView.bundle */; };
		A42AC4801F15C20900DA0D58 /* CLTitleView.h in Headers */ = {isa = PBXBuildFile; fileRef = A42AC4271F15C20900DA0D58 /* CLTitleView.h */; settings = {ATTRIBUTES = (Public, ); }; };
		A42AC4811F15C20900DA0D58 /* CLTitleView.m in Sources */ = {isa = PBXBuildFile; fileRef = A42AC4281F15C20900DA0D58 /* CLTitleView.m */; };
		A42AC4841F15C20900DA0D58 /* MJRefreshAutoFooter.h in Headers */ = {isa = PBXBuildFile; fileRef = A42AC42E1F15C20900DA0D58 /* MJRefreshAutoFooter.h */; settings = {ATTRIBUTES = (Public, ); }; };
		A42AC4851F15C20900DA0D58 /* MJRefreshAutoFooter.m in Sources */ = {isa = PBXBuildFile; fileRef = A42AC42F1F15C20900DA0D58 /* MJRefreshAutoFooter.m */; };
		A42AC4861F15C20900DA0D58 /* MJRefreshBackFooter.h in Headers */ = {isa = PBXBuildFile; fileRef = A42AC4301F15C20900DA0D58 /* MJRefreshBackFooter.h */; settings = {ATTRIBUTES = (Public, ); }; };
		A42AC4871F15C20900DA0D58 /* MJRefreshBackFooter.m in Sources */ = {isa = PBXBuildFile; fileRef = A42AC4311F15C20900DA0D58 /* MJRefreshBackFooter.m */; };
		A42AC4881F15C20900DA0D58 /* MJRefreshComponent.h in Headers */ = {isa = PBXBuildFile; fileRef = A42AC4321F15C20900DA0D58 /* MJRefreshComponent.h */; settings = {ATTRIBUTES = (Public, ); }; };
		A42AC4891F15C20900DA0D58 /* MJRefreshComponent.m in Sources */ = {isa = PBXBuildFile; fileRef = A42AC4331F15C20900DA0D58 /* MJRefreshComponent.m */; };
		A42AC48A1F15C20900DA0D58 /* MJRefreshFooter.h in Headers */ = {isa = PBXBuildFile; fileRef = A42AC4341F15C20900DA0D58 /* MJRefreshFooter.h */; settings = {ATTRIBUTES = (Public, ); }; };
		A42AC48B1F15C20900DA0D58 /* MJRefreshFooter.m in Sources */ = {isa = PBXBuildFile; fileRef = A42AC4351F15C20900DA0D58 /* MJRefreshFooter.m */; };
		A42AC48C1F15C20900DA0D58 /* MJRefreshHeader.h in Headers */ = {isa = PBXBuildFile; fileRef = A42AC4361F15C20900DA0D58 /* MJRefreshHeader.h */; settings = {ATTRIBUTES = (Public, ); }; };
		A42AC48D1F15C20900DA0D58 /* MJRefreshHeader.m in Sources */ = {isa = PBXBuildFile; fileRef = A42AC4371F15C20900DA0D58 /* MJRefreshHeader.m */; };
		A42AC48E1F15C20900DA0D58 /* MJRefreshAutoGifFooter.h in Headers */ = {isa = PBXBuildFile; fileRef = A42AC43B1F15C20900DA0D58 /* MJRefreshAutoGifFooter.h */; settings = {ATTRIBUTES = (Public, ); }; };
		A42AC48F1F15C20900DA0D58 /* MJRefreshAutoGifFooter.m in Sources */ = {isa = PBXBuildFile; fileRef = A42AC43C1F15C20900DA0D58 /* MJRefreshAutoGifFooter.m */; };
		A42AC4901F15C20900DA0D58 /* MJRefreshAutoNormalFooter.h in Headers */ = {isa = PBXBuildFile; fileRef = A42AC43D1F15C20900DA0D58 /* MJRefreshAutoNormalFooter.h */; settings = {ATTRIBUTES = (Public, ); }; };
		A42AC4911F15C20900DA0D58 /* MJRefreshAutoNormalFooter.m in Sources */ = {isa = PBXBuildFile; fileRef = A42AC43E1F15C20900DA0D58 /* MJRefreshAutoNormalFooter.m */; };
		A42AC4921F15C20900DA0D58 /* MJRefreshAutoStateFooter.h in Headers */ = {isa = PBXBuildFile; fileRef = A42AC43F1F15C20900DA0D58 /* MJRefreshAutoStateFooter.h */; settings = {ATTRIBUTES = (Public, ); }; };
		A42AC4931F15C20900DA0D58 /* MJRefreshAutoStateFooter.m in Sources */ = {isa = PBXBuildFile; fileRef = A42AC4401F15C20900DA0D58 /* MJRefreshAutoStateFooter.m */; };
		A42AC4941F15C20900DA0D58 /* MJRefreshBackGifFooter.h in Headers */ = {isa = PBXBuildFile; fileRef = A42AC4421F15C20900DA0D58 /* MJRefreshBackGifFooter.h */; settings = {ATTRIBUTES = (Public, ); }; };
		A42AC4951F15C20900DA0D58 /* MJRefreshBackGifFooter.m in Sources */ = {isa = PBXBuildFile; fileRef = A42AC4431F15C20900DA0D58 /* MJRefreshBackGifFooter.m */; };
		A42AC4961F15C20900DA0D58 /* MJRefreshBackNormalFooter.h in Headers */ = {isa = PBXBuildFile; fileRef = A42AC4441F15C20900DA0D58 /* MJRefreshBackNormalFooter.h */; settings = {ATTRIBUTES = (Public, ); }; };
		A42AC4971F15C20900DA0D58 /* MJRefreshBackNormalFooter.m in Sources */ = {isa = PBXBuildFile; fileRef = A42AC4451F15C20900DA0D58 /* MJRefreshBackNormalFooter.m */; };
		A42AC4981F15C20900DA0D58 /* MJRefreshBackStateFooter.h in Headers */ = {isa = PBXBuildFile; fileRef = A42AC4461F15C20900DA0D58 /* MJRefreshBackStateFooter.h */; settings = {ATTRIBUTES = (Public, ); }; };
		A42AC4991F15C20900DA0D58 /* MJRefreshBackStateFooter.m in Sources */ = {isa = PBXBuildFile; fileRef = A42AC4471F15C20900DA0D58 /* MJRefreshBackStateFooter.m */; };
		A42AC49A1F15C20900DA0D58 /* MJRefreshGifHeader.h in Headers */ = {isa = PBXBuildFile; fileRef = A42AC4491F15C20900DA0D58 /* MJRefreshGifHeader.h */; settings = {ATTRIBUTES = (Public, ); }; };
		A42AC49B1F15C20900DA0D58 /* MJRefreshGifHeader.m in Sources */ = {isa = PBXBuildFile; fileRef = A42AC44A1F15C20900DA0D58 /* MJRefreshGifHeader.m */; };
		A42AC49C1F15C20900DA0D58 /* MJRefreshNormalHeader.h in Headers */ = {isa = PBXBuildFile; fileRef = A42AC44B1F15C20900DA0D58 /* MJRefreshNormalHeader.h */; settings = {ATTRIBUTES = (Public, ); }; };
		A42AC49D1F15C20900DA0D58 /* MJRefreshNormalHeader.m in Sources */ = {isa = PBXBuildFile; fileRef = A42AC44C1F15C20900DA0D58 /* MJRefreshNormalHeader.m */; };
		A42AC49E1F15C20900DA0D58 /* MJRefreshStateHeader.h in Headers */ = {isa = PBXBuildFile; fileRef = A42AC44D1F15C20900DA0D58 /* MJRefreshStateHeader.h */; settings = {ATTRIBUTES = (Public, ); }; };
		A42AC49F1F15C20900DA0D58 /* MJRefreshStateHeader.m in Sources */ = {isa = PBXBuildFile; fileRef = A42AC44E1F15C20900DA0D58 /* MJRefreshStateHeader.m */; };
		A42AC4A01F15C20900DA0D58 /* MJRefresh.bundle in Resources */ = {isa = PBXBuildFile; fileRef = A42AC44F1F15C20900DA0D58 /* MJRefresh.bundle */; };
		A42AC4A11F15C20900DA0D58 /* MJRefresh.h in Headers */ = {isa = PBXBuildFile; fileRef = A42AC4501F15C20900DA0D58 /* MJRefresh.h */; settings = {ATTRIBUTES = (Public, ); }; };
		A42AC4A21F15C20900DA0D58 /* MJRefreshConst.h in Headers */ = {isa = PBXBuildFile; fileRef = A42AC4511F15C20900DA0D58 /* MJRefreshConst.h */; settings = {ATTRIBUTES = (Public, ); }; };
		A42AC4A31F15C20900DA0D58 /* MJRefreshConst.m in Sources */ = {isa = PBXBuildFile; fileRef = A42AC4521F15C20900DA0D58 /* MJRefreshConst.m */; };
		A42AC4A41F15C20900DA0D58 /* NSBundle+MJRefresh.h in Headers */ = {isa = PBXBuildFile; fileRef = A42AC4531F15C20900DA0D58 /* NSBundle+MJRefresh.h */; settings = {ATTRIBUTES = (Public, ); }; };
		A42AC4A51F15C20900DA0D58 /* NSBundle+MJRefresh.m in Sources */ = {isa = PBXBuildFile; fileRef = A42AC4541F15C20900DA0D58 /* NSBundle+MJRefresh.m */; };
		A42AC4A61F15C20900DA0D58 /* UIScrollView+MJExtension.h in Headers */ = {isa = PBXBuildFile; fileRef = A42AC4551F15C20900DA0D58 /* UIScrollView+MJExtension.h */; settings = {ATTRIBUTES = (Public, ); }; };
		A42AC4A71F15C20900DA0D58 /* UIScrollView+MJExtension.m in Sources */ = {isa = PBXBuildFile; fileRef = A42AC4561F15C20900DA0D58 /* UIScrollView+MJExtension.m */; };
		A42AC4A81F15C20900DA0D58 /* UIScrollView+MJRefresh.h in Headers */ = {isa = PBXBuildFile; fileRef = A42AC4571F15C20900DA0D58 /* UIScrollView+MJRefresh.h */; settings = {ATTRIBUTES = (Public, ); }; };
		A42AC4A91F15C20900DA0D58 /* UIScrollView+MJRefresh.m in Sources */ = {isa = PBXBuildFile; fileRef = A42AC4581F15C20900DA0D58 /* UIScrollView+MJRefresh.m */; };
		A42AC4AA1F15C20900DA0D58 /* UIView+MJExtension.h in Headers */ = {isa = PBXBuildFile; fileRef = A42AC4591F15C20900DA0D58 /* UIView+MJExtension.h */; settings = {ATTRIBUTES = (Public, ); }; };
		A42AC4AB1F15C20900DA0D58 /* UIView+MJExtension.m in Sources */ = {isa = PBXBuildFile; fileRef = A42AC45A1F15C20900DA0D58 /* UIView+MJExtension.m */; };
		A42AC4AC1F15C20900DA0D58 /* CLApplication.h in Headers */ = {isa = PBXBuildFile; fileRef = A42AC45C1F15C20900DA0D58 /* CLApplication.h */; settings = {ATTRIBUTES = (Public, ); }; };
		A42AC4AD1F15C20900DA0D58 /* CLApplication.m in Sources */ = {isa = PBXBuildFile; fileRef = A42AC45D1F15C20900DA0D58 /* CLApplication.m */; };
		A42AC4AE1F15C20900DA0D58 /* UIButton+CLButton.h in Headers */ = {isa = PBXBuildFile; fileRef = A42AC45F1F15C20900DA0D58 /* UIButton+CLButton.h */; settings = {ATTRIBUTES = (Public, ); }; };
		A42AC4AF1F15C20900DA0D58 /* UIButton+CLButton.m in Sources */ = {isa = PBXBuildFile; fileRef = A42AC4601F15C20900DA0D58 /* UIButton+CLButton.m */; };
		A42AC4B01F15C20900DA0D58 /* UIColor+CLColor.h in Headers */ = {isa = PBXBuildFile; fileRef = A42AC4621F15C20900DA0D58 /* UIColor+CLColor.h */; settings = {ATTRIBUTES = (Public, ); }; };
		A42AC4B11F15C20900DA0D58 /* UIColor+CLColor.m in Sources */ = {isa = PBXBuildFile; fileRef = A42AC4631F15C20900DA0D58 /* UIColor+CLColor.m */; };
		A42AC4B21F15C20900DA0D58 /* UIDevice+CLDevice.h in Headers */ = {isa = PBXBuildFile; fileRef = A42AC4651F15C20900DA0D58 /* UIDevice+CLDevice.h */; settings = {ATTRIBUTES = (Public, ); }; };
		A42AC4B31F15C20900DA0D58 /* UIDevice+CLDevice.m in Sources */ = {isa = PBXBuildFile; fileRef = A42AC4661F15C20900DA0D58 /* UIDevice+CLDevice.m */; };
		A42AC4B41F15C20900DA0D58 /* UIImage+CLImage.h in Headers */ = {isa = PBXBuildFile; fileRef = A42AC4681F15C20900DA0D58 /* UIImage+CLImage.h */; settings = {ATTRIBUTES = (Public, ); }; };
		A42AC4B51F15C20900DA0D58 /* UIImage+CLImage.m in Sources */ = {isa = PBXBuildFile; fileRef = A42AC4691F15C20900DA0D58 /* UIImage+CLImage.m */; };
		A42AC4B81F15C20900DA0D58 /* UIScreen+CLScreen.h in Headers */ = {isa = PBXBuildFile; fileRef = A42AC46E1F15C20900DA0D58 /* UIScreen+CLScreen.h */; settings = {ATTRIBUTES = (Public, ); }; };
		A42AC4B91F15C20900DA0D58 /* UIScreen+CLScreen.m in Sources */ = {isa = PBXBuildFile; fileRef = A42AC46F1F15C20900DA0D58 /* UIScreen+CLScreen.m */; };
		A42AC4BA1F15C20900DA0D58 /* UIViewController+CLViewController.h in Headers */ = {isa = PBXBuildFile; fileRef = A42AC4711F15C20900DA0D58 /* UIViewController+CLViewController.h */; settings = {ATTRIBUTES = (Public, ); }; };
		A42AC4BB1F15C20900DA0D58 /* UIViewController+CLViewController.m in Sources */ = {isa = PBXBuildFile; fileRef = A42AC4721F15C20900DA0D58 /* UIViewController+CLViewController.m */; };
		A42AC4C31F15C40500DA0D58 /* CLNavigationController.h in Headers */ = {isa = PBXBuildFile; fileRef = A42AC4C11F15C40500DA0D58 /* CLNavigationController.h */; settings = {ATTRIBUTES = (Public, ); }; };
		A42AC4C41F15C40500DA0D58 /* CLNavigationController.m in Sources */ = {isa = PBXBuildFile; fileRef = A42AC4C21F15C40500DA0D58 /* CLNavigationController.m */; };
		A42AC4DB1F15C74400DA0D58 /* CLTableViewController.h in Headers */ = {isa = PBXBuildFile; fileRef = A42AC4CF1F15C74400DA0D58 /* CLTableViewController.h */; settings = {ATTRIBUTES = (Public, ); }; };
		A42AC4DC1F15C74400DA0D58 /* CLTableViewController.m in Sources */ = {isa = PBXBuildFile; fileRef = A42AC4D01F15C74400DA0D58 /* CLTableViewController.m */; };
		A42AC4F91F15CC6C00DA0D58 /* CLCollectionViewController.h in Headers */ = {isa = PBXBuildFile; fileRef = A42AC4ED1F15CC6C00DA0D58 /* CLCollectionViewController.h */; settings = {ATTRIBUTES = (Public, ); }; };
		A42AC4FA1F15CC6C00DA0D58 /* CLCollectionViewController.m in Sources */ = {isa = PBXBuildFile; fileRef = A42AC4EE1F15CC6C00DA0D58 /* CLCollectionViewController.m */; };
		A43299F31DF038870012DB71 /* CLUIKit.framework in Frameworks */ = {isa = PBXBuildFile; fileRef = A43299E91DF038870012DB71 /* CLUIKit.framework */; };
		A43299F81DF038870012DB71 /* CLUIKitTests.m in Sources */ = {isa = PBXBuildFile; fileRef = A43299F71DF038870012DB71 /* CLUIKitTests.m */; };
		A43299FA1DF038870012DB71 /* CLUIKit.h in Headers */ = {isa = PBXBuildFile; fileRef = A43299EC1DF038870012DB71 /* CLUIKit.h */; settings = {ATTRIBUTES = (Public, ); }; };
		A43F81A61F586E780086A063 /* CLButton.h in Headers */ = {isa = PBXBuildFile; fileRef = A43F81A41F586E780086A063 /* CLButton.h */; settings = {ATTRIBUTES = (Public, ); }; };
		A43F81A71F586E780086A063 /* CLButton.m in Sources */ = {isa = PBXBuildFile; fileRef = A43F81A51F586E780086A063 /* CLButton.m */; };
		A459D6011F5A60F000254DC9 /* CLViewController.h in Headers */ = {isa = PBXBuildFile; fileRef = A459D5FC1F5A60F000254DC9 /* CLViewController.h */; settings = {ATTRIBUTES = (Public, ); }; };
		A459D6021F5A60F000254DC9 /* CLViewController.m in Sources */ = {isa = PBXBuildFile; fileRef = A459D5FD1F5A60F000254DC9 /* CLViewController.m */; };
		A459D6031F5A60F000254DC9 /* CLViewControllerViewModel.h in Headers */ = {isa = PBXBuildFile; fileRef = A459D5FF1F5A60F000254DC9 /* CLViewControllerViewModel.h */; settings = {ATTRIBUTES = (Public, ); }; };
		A459D6041F5A60F000254DC9 /* CLViewControllerViewModel.m in Sources */ = {isa = PBXBuildFile; fileRef = A459D6001F5A60F000254DC9 /* CLViewControllerViewModel.m */; };
		A45ABA5D1FE824F8005CCFD3 /* UIFont+CLFont.h in Headers */ = {isa = PBXBuildFile; fileRef = A45ABA5B1FE824F8005CCFD3 /* UIFont+CLFont.h */; settings = {ATTRIBUTES = (Public, ); }; };
		A45ABA5E1FE824F8005CCFD3 /* UIFont+CLFont.m in Sources */ = {isa = PBXBuildFile; fileRef = A45ABA5C1FE824F8005CCFD3 /* UIFont+CLFont.m */; };
		A48DBB371FCFEB7B0017D1A0 /* CLTextField.h in Headers */ = {isa = PBXBuildFile; fileRef = A48DBB351FCFEB7B0017D1A0 /* CLTextField.h */; settings = {ATTRIBUTES = (Public, ); }; };
		A48DBB381FCFEB7B0017D1A0 /* CLTextField.m in Sources */ = {isa = PBXBuildFile; fileRef = A48DBB361FCFEB7B0017D1A0 /* CLTextField.m */; };
		A48DBB431FCFF7970017D1A0 /* CLCollectionViewViewModel.m in Sources */ = {isa = PBXBuildFile; fileRef = A48DBB3B1FCFF7970017D1A0 /* CLCollectionViewViewModel.m */; };
		A48DBB441FCFF7970017D1A0 /* CLCollectionViewViewModel.h in Headers */ = {isa = PBXBuildFile; fileRef = A48DBB3C1FCFF7970017D1A0 /* CLCollectionViewViewModel.h */; settings = {ATTRIBUTES = (Public, ); }; };
		A48DBB451FCFF7970017D1A0 /* CLCollectionViewDataSource.m in Sources */ = {isa = PBXBuildFile; fileRef = A48DBB3E1FCFF7970017D1A0 /* CLCollectionViewDataSource.m */; };
		A48DBB461FCFF7970017D1A0 /* CLCollectionViewDataSource.h in Headers */ = {isa = PBXBuildFile; fileRef = A48DBB3F1FCFF7970017D1A0 /* CLCollectionViewDataSource.h */; settings = {ATTRIBUTES = (Public, ); }; };
		A48DBB471FCFF7970017D1A0 /* CLCollectionViewDelegate.m in Sources */ = {isa = PBXBuildFile; fileRef = A48DBB411FCFF7970017D1A0 /* CLCollectionViewDelegate.m */; };
		A48DBB481FCFF7970017D1A0 /* CLCollectionViewDelegate.h in Headers */ = {isa = PBXBuildFile; fileRef = A48DBB421FCFF7970017D1A0 /* CLCollectionViewDelegate.h */; settings = {ATTRIBUTES = (Public, ); }; };
		A48DBB561FCFF7A20017D1A0 /* CLTableViewCell.h in Headers */ = {isa = PBXBuildFile; fileRef = A48DBB4A1FCFF7A20017D1A0 /* CLTableViewCell.h */; settings = {ATTRIBUTES = (Public, ); }; };
		A48DBB571FCFF7A20017D1A0 /* CLTableViewCell.m in Sources */ = {isa = PBXBuildFile; fileRef = A48DBB4B1FCFF7A20017D1A0 /* CLTableViewCell.m */; };
		A48DBB581FCFF7A20017D1A0 /* CLTableViewDelegate.m in Sources */ = {isa = PBXBuildFile; fileRef = A48DBB4E1FCFF7A20017D1A0 /* CLTableViewDelegate.m */; };
		A48DBB591FCFF7A20017D1A0 /* CLTableViewDelegate.h in Headers */ = {isa = PBXBuildFile; fileRef = A48DBB4F1FCFF7A20017D1A0 /* CLTableViewDelegate.h */; settings = {ATTRIBUTES = (Public, ); }; };
		A48DBB5A1FCFF7A20017D1A0 /* CLTableViewDataSource.h in Headers */ = {isa = PBXBuildFile; fileRef = A48DBB511FCFF7A20017D1A0 /* CLTableViewDataSource.h */; settings = {ATTRIBUTES = (Public, ); }; };
		A48DBB5B1FCFF7A20017D1A0 /* CLTableViewDataSource.m in Sources */ = {isa = PBXBuildFile; fileRef = A48DBB521FCFF7A20017D1A0 /* CLTableViewDataSource.m */; };
		A48DBB5C1FCFF7A20017D1A0 /* CLTableViewViewModel.h in Headers */ = {isa = PBXBuildFile; fileRef = A48DBB541FCFF7A20017D1A0 /* CLTableViewViewModel.h */; settings = {ATTRIBUTES = (Public, ); }; };
		A48DBB5D1FCFF7A20017D1A0 /* CLTableViewViewModel.m in Sources */ = {isa = PBXBuildFile; fileRef = A48DBB551FCFF7A20017D1A0 /* CLTableViewViewModel.m */; };
		A4DEC0381F30D42100AF4020 /* CLToolBarListView.h in Headers */ = {isa = PBXBuildFile; fileRef = A4DEC0361F30D42100AF4020 /* CLToolBarListView.h */; settings = {ATTRIBUTES = (Public, ); }; };
		A4DEC0391F30D42100AF4020 /* CLToolBarListView.m in Sources */ = {isa = PBXBuildFile; fileRef = A4DEC0371F30D42100AF4020 /* CLToolBarListView.m */; };
/* End PBXBuildFile section */

/* Begin PBXContainerItemProxy section */
		A43299F41DF038870012DB71 /* PBXContainerItemProxy */ = {
			isa = PBXContainerItemProxy;
			containerPortal = A43299E01DF038870012DB71 /* Project object */;
			proxyType = 1;
			remoteGlobalIDString = A43299E81DF038870012DB71;
			remoteInfo = CLUIKit;
		};
/* End PBXContainerItemProxy section */

/* Begin PBXFileReference section */
		A42061C12014AD69009C0E72 /* UICollectionView+CLCollectionView.m */ = {isa = PBXFileReference; fileEncoding = 4; lastKnownFileType = sourcecode.c.objc; path = "UICollectionView+CLCollectionView.m"; sourceTree = "<group>"; };
		A42061C22014AD69009C0E72 /* UICollectionView+CLCollectionView.h */ = {isa = PBXFileReference; fileEncoding = 4; lastKnownFileType = sourcecode.c.h; path = "UICollectionView+CLCollectionView.h"; sourceTree = "<group>"; };
		A42061C42014AD69009C0E72 /* UITableView+CLTableView.m */ = {isa = PBXFileReference; fileEncoding = 4; lastKnownFileType = sourcecode.c.objc; path = "UITableView+CLTableView.m"; sourceTree = "<group>"; };
		A42061C52014AD69009C0E72 /* UITableView+CLTableView.h */ = {isa = PBXFileReference; fileEncoding = 4; lastKnownFileType = sourcecode.c.h; path = "UITableView+CLTableView.h"; sourceTree = "<group>"; };
		A42AC4261F15C20900DA0D58 /* CLTitleView.bundle */ = {isa = PBXFileReference; lastKnownFileType = "wrapper.plug-in"; path = CLTitleView.bundle; sourceTree = "<group>"; };
		A42AC4271F15C20900DA0D58 /* CLTitleView.h */ = {isa = PBXFileReference; fileEncoding = 4; lastKnownFileType = sourcecode.c.h; path = CLTitleView.h; sourceTree = "<group>"; };
		A42AC4281F15C20900DA0D58 /* CLTitleView.m */ = {isa = PBXFileReference; fileEncoding = 4; lastKnownFileType = sourcecode.c.objc; path = CLTitleView.m; sourceTree = "<group>"; };
		A42AC42E1F15C20900DA0D58 /* MJRefreshAutoFooter.h */ = {isa = PBXFileReference; fileEncoding = 4; lastKnownFileType = sourcecode.c.h; path = MJRefreshAutoFooter.h; sourceTree = "<group>"; };
		A42AC42F1F15C20900DA0D58 /* MJRefreshAutoFooter.m */ = {isa = PBXFileReference; fileEncoding = 4; lastKnownFileType = sourcecode.c.objc; path = MJRefreshAutoFooter.m; sourceTree = "<group>"; };
		A42AC4301F15C20900DA0D58 /* MJRefreshBackFooter.h */ = {isa = PBXFileReference; fileEncoding = 4; lastKnownFileType = sourcecode.c.h; path = MJRefreshBackFooter.h; sourceTree = "<group>"; };
		A42AC4311F15C20900DA0D58 /* MJRefreshBackFooter.m */ = {isa = PBXFileReference; fileEncoding = 4; lastKnownFileType = sourcecode.c.objc; path = MJRefreshBackFooter.m; sourceTree = "<group>"; };
		A42AC4321F15C20900DA0D58 /* MJRefreshComponent.h */ = {isa = PBXFileReference; fileEncoding = 4; lastKnownFileType = sourcecode.c.h; path = MJRefreshComponent.h; sourceTree = "<group>"; };
		A42AC4331F15C20900DA0D58 /* MJRefreshComponent.m */ = {isa = PBXFileReference; fileEncoding = 4; lastKnownFileType = sourcecode.c.objc; path = MJRefreshComponent.m; sourceTree = "<group>"; };
		A42AC4341F15C20900DA0D58 /* MJRefreshFooter.h */ = {isa = PBXFileReference; fileEncoding = 4; lastKnownFileType = sourcecode.c.h; path = MJRefreshFooter.h; sourceTree = "<group>"; };
		A42AC4351F15C20900DA0D58 /* MJRefreshFooter.m */ = {isa = PBXFileReference; fileEncoding = 4; lastKnownFileType = sourcecode.c.objc; path = MJRefreshFooter.m; sourceTree = "<group>"; };
		A42AC4361F15C20900DA0D58 /* MJRefreshHeader.h */ = {isa = PBXFileReference; fileEncoding = 4; lastKnownFileType = sourcecode.c.h; path = MJRefreshHeader.h; sourceTree = "<group>"; };
		A42AC4371F15C20900DA0D58 /* MJRefreshHeader.m */ = {isa = PBXFileReference; fileEncoding = 4; lastKnownFileType = sourcecode.c.objc; path = MJRefreshHeader.m; sourceTree = "<group>"; };
		A42AC43B1F15C20900DA0D58 /* MJRefreshAutoGifFooter.h */ = {isa = PBXFileReference; fileEncoding = 4; lastKnownFileType = sourcecode.c.h; path = MJRefreshAutoGifFooter.h; sourceTree = "<group>"; };
		A42AC43C1F15C20900DA0D58 /* MJRefreshAutoGifFooter.m */ = {isa = PBXFileReference; fileEncoding = 4; lastKnownFileType = sourcecode.c.objc; path = MJRefreshAutoGifFooter.m; sourceTree = "<group>"; };
		A42AC43D1F15C20900DA0D58 /* MJRefreshAutoNormalFooter.h */ = {isa = PBXFileReference; fileEncoding = 4; lastKnownFileType = sourcecode.c.h; path = MJRefreshAutoNormalFooter.h; sourceTree = "<group>"; };
		A42AC43E1F15C20900DA0D58 /* MJRefreshAutoNormalFooter.m */ = {isa = PBXFileReference; fileEncoding = 4; lastKnownFileType = sourcecode.c.objc; path = MJRefreshAutoNormalFooter.m; sourceTree = "<group>"; };
		A42AC43F1F15C20900DA0D58 /* MJRefreshAutoStateFooter.h */ = {isa = PBXFileReference; fileEncoding = 4; lastKnownFileType = sourcecode.c.h; path = MJRefreshAutoStateFooter.h; sourceTree = "<group>"; };
		A42AC4401F15C20900DA0D58 /* MJRefreshAutoStateFooter.m */ = {isa = PBXFileReference; fileEncoding = 4; lastKnownFileType = sourcecode.c.objc; path = MJRefreshAutoStateFooter.m; sourceTree = "<group>"; };
		A42AC4421F15C20900DA0D58 /* MJRefreshBackGifFooter.h */ = {isa = PBXFileReference; fileEncoding = 4; lastKnownFileType = sourcecode.c.h; path = MJRefreshBackGifFooter.h; sourceTree = "<group>"; };
		A42AC4431F15C20900DA0D58 /* MJRefreshBackGifFooter.m */ = {isa = PBXFileReference; fileEncoding = 4; lastKnownFileType = sourcecode.c.objc; path = MJRefreshBackGifFooter.m; sourceTree = "<group>"; };
		A42AC4441F15C20900DA0D58 /* MJRefreshBackNormalFooter.h */ = {isa = PBXFileReference; fileEncoding = 4; lastKnownFileType = sourcecode.c.h; path = MJRefreshBackNormalFooter.h; sourceTree = "<group>"; };
		A42AC4451F15C20900DA0D58 /* MJRefreshBackNormalFooter.m */ = {isa = PBXFileReference; fileEncoding = 4; lastKnownFileType = sourcecode.c.objc; path = MJRefreshBackNormalFooter.m; sourceTree = "<group>"; };
		A42AC4461F15C20900DA0D58 /* MJRefreshBackStateFooter.h */ = {isa = PBXFileReference; fileEncoding = 4; lastKnownFileType = sourcecode.c.h; path = MJRefreshBackStateFooter.h; sourceTree = "<group>"; };
		A42AC4471F15C20900DA0D58 /* MJRefreshBackStateFooter.m */ = {isa = PBXFileReference; fileEncoding = 4; lastKnownFileType = sourcecode.c.objc; path = MJRefreshBackStateFooter.m; sourceTree = "<group>"; };
		A42AC4491F15C20900DA0D58 /* MJRefreshGifHeader.h */ = {isa = PBXFileReference; fileEncoding = 4; lastKnownFileType = sourcecode.c.h; path = MJRefreshGifHeader.h; sourceTree = "<group>"; };
		A42AC44A1F15C20900DA0D58 /* MJRefreshGifHeader.m */ = {isa = PBXFileReference; fileEncoding = 4; lastKnownFileType = sourcecode.c.objc; path = MJRefreshGifHeader.m; sourceTree = "<group>"; };
		A42AC44B1F15C20900DA0D58 /* MJRefreshNormalHeader.h */ = {isa = PBXFileReference; fileEncoding = 4; lastKnownFileType = sourcecode.c.h; path = MJRefreshNormalHeader.h; sourceTree = "<group>"; };
		A42AC44C1F15C20900DA0D58 /* MJRefreshNormalHeader.m */ = {isa = PBXFileReference; fileEncoding = 4; lastKnownFileType = sourcecode.c.objc; path = MJRefreshNormalHeader.m; sourceTree = "<group>"; };
		A42AC44D1F15C20900DA0D58 /* MJRefreshStateHeader.h */ = {isa = PBXFileReference; fileEncoding = 4; lastKnownFileType = sourcecode.c.h; path = MJRefreshStateHeader.h; sourceTree = "<group>"; };
		A42AC44E1F15C20900DA0D58 /* MJRefreshStateHeader.m */ = {isa = PBXFileReference; fileEncoding = 4; lastKnownFileType = sourcecode.c.objc; path = MJRefreshStateHeader.m; sourceTree = "<group>"; };
		A42AC44F1F15C20900DA0D58 /* MJRefresh.bundle */ = {isa = PBXFileReference; lastKnownFileType = "wrapper.plug-in"; path = MJRefresh.bundle; sourceTree = "<group>"; };
		A42AC4501F15C20900DA0D58 /* MJRefresh.h */ = {isa = PBXFileReference; fileEncoding = 4; lastKnownFileType = sourcecode.c.h; path = MJRefresh.h; sourceTree = "<group>"; };
		A42AC4511F15C20900DA0D58 /* MJRefreshConst.h */ = {isa = PBXFileReference; fileEncoding = 4; lastKnownFileType = sourcecode.c.h; path = MJRefreshConst.h; sourceTree = "<group>"; };
		A42AC4521F15C20900DA0D58 /* MJRefreshConst.m */ = {isa = PBXFileReference; fileEncoding = 4; lastKnownFileType = sourcecode.c.objc; path = MJRefreshConst.m; sourceTree = "<group>"; };
		A42AC4531F15C20900DA0D58 /* NSBundle+MJRefresh.h */ = {isa = PBXFileReference; fileEncoding = 4; lastKnownFileType = sourcecode.c.h; path = "NSBundle+MJRefresh.h"; sourceTree = "<group>"; };
		A42AC4541F15C20900DA0D58 /* NSBundle+MJRefresh.m */ = {isa = PBXFileReference; fileEncoding = 4; lastKnownFileType = sourcecode.c.objc; path = "NSBundle+MJRefresh.m"; sourceTree = "<group>"; };
		A42AC4551F15C20900DA0D58 /* UIScrollView+MJExtension.h */ = {isa = PBXFileReference; fileEncoding = 4; lastKnownFileType = sourcecode.c.h; path = "UIScrollView+MJExtension.h"; sourceTree = "<group>"; };
		A42AC4561F15C20900DA0D58 /* UIScrollView+MJExtension.m */ = {isa = PBXFileReference; fileEncoding = 4; lastKnownFileType = sourcecode.c.objc; path = "UIScrollView+MJExtension.m"; sourceTree = "<group>"; };
		A42AC4571F15C20900DA0D58 /* UIScrollView+MJRefresh.h */ = {isa = PBXFileReference; fileEncoding = 4; lastKnownFileType = sourcecode.c.h; path = "UIScrollView+MJRefresh.h"; sourceTree = "<group>"; };
		A42AC4581F15C20900DA0D58 /* UIScrollView+MJRefresh.m */ = {isa = PBXFileReference; fileEncoding = 4; lastKnownFileType = sourcecode.c.objc; path = "UIScrollView+MJRefresh.m"; sourceTree = "<group>"; };
		A42AC4591F15C20900DA0D58 /* UIView+MJExtension.h */ = {isa = PBXFileReference; fileEncoding = 4; lastKnownFileType = sourcecode.c.h; path = "UIView+MJExtension.h"; sourceTree = "<group>"; };
		A42AC45A1F15C20900DA0D58 /* UIView+MJExtension.m */ = {isa = PBXFileReference; fileEncoding = 4; lastKnownFileType = sourcecode.c.objc; path = "UIView+MJExtension.m"; sourceTree = "<group>"; };
		A42AC45C1F15C20900DA0D58 /* CLApplication.h */ = {isa = PBXFileReference; fileEncoding = 4; lastKnownFileType = sourcecode.c.h; path = CLApplication.h; sourceTree = "<group>"; };
		A42AC45D1F15C20900DA0D58 /* CLApplication.m */ = {isa = PBXFileReference; fileEncoding = 4; lastKnownFileType = sourcecode.c.objc; path = CLApplication.m; sourceTree = "<group>"; };
		A42AC45F1F15C20900DA0D58 /* UIButton+CLButton.h */ = {isa = PBXFileReference; fileEncoding = 4; lastKnownFileType = sourcecode.c.h; path = "UIButton+CLButton.h"; sourceTree = "<group>"; };
		A42AC4601F15C20900DA0D58 /* UIButton+CLButton.m */ = {isa = PBXFileReference; fileEncoding = 4; lastKnownFileType = sourcecode.c.objc; path = "UIButton+CLButton.m"; sourceTree = "<group>"; };
		A42AC4621F15C20900DA0D58 /* UIColor+CLColor.h */ = {isa = PBXFileReference; fileEncoding = 4; lastKnownFileType = sourcecode.c.h; path = "UIColor+CLColor.h"; sourceTree = "<group>"; };
		A42AC4631F15C20900DA0D58 /* UIColor+CLColor.m */ = {isa = PBXFileReference; fileEncoding = 4; lastKnownFileType = sourcecode.c.objc; path = "UIColor+CLColor.m"; sourceTree = "<group>"; };
		A42AC4651F15C20900DA0D58 /* UIDevice+CLDevice.h */ = {isa = PBXFileReference; fileEncoding = 4; lastKnownFileType = sourcecode.c.h; path = "UIDevice+CLDevice.h"; sourceTree = "<group>"; };
		A42AC4661F15C20900DA0D58 /* UIDevice+CLDevice.m */ = {isa = PBXFileReference; fileEncoding = 4; lastKnownFileType = sourcecode.c.objc; path = "UIDevice+CLDevice.m"; sourceTree = "<group>"; };
		A42AC4681F15C20900DA0D58 /* UIImage+CLImage.h */ = {isa = PBXFileReference; fileEncoding = 4; lastKnownFileType = sourcecode.c.h; path = "UIImage+CLImage.h"; sourceTree = "<group>"; };
		A42AC4691F15C20900DA0D58 /* UIImage+CLImage.m */ = {isa = PBXFileReference; fileEncoding = 4; lastKnownFileType = sourcecode.c.objc; path = "UIImage+CLImage.m"; sourceTree = "<group>"; };
		A42AC46E1F15C20900DA0D58 /* UIScreen+CLScreen.h */ = {isa = PBXFileReference; fileEncoding = 4; lastKnownFileType = sourcecode.c.h; path = "UIScreen+CLScreen.h"; sourceTree = "<group>"; };
		A42AC46F1F15C20900DA0D58 /* UIScreen+CLScreen.m */ = {isa = PBXFileReference; fileEncoding = 4; lastKnownFileType = sourcecode.c.objc; path = "UIScreen+CLScreen.m"; sourceTree = "<group>"; };
		A42AC4711F15C20900DA0D58 /* UIViewController+CLViewController.h */ = {isa = PBXFileReference; fileEncoding = 4; lastKnownFileType = sourcecode.c.h; path = "UIViewController+CLViewController.h"; sourceTree = "<group>"; };
		A42AC4721F15C20900DA0D58 /* UIViewController+CLViewController.m */ = {isa = PBXFileReference; fileEncoding = 4; lastKnownFileType = sourcecode.c.objc; path = "UIViewController+CLViewController.m"; sourceTree = "<group>"; };
		A42AC4C11F15C40500DA0D58 /* CLNavigationController.h */ = {isa = PBXFileReference; fileEncoding = 4; lastKnownFileType = sourcecode.c.h; path = CLNavigationController.h; sourceTree = "<group>"; };
		A42AC4C21F15C40500DA0D58 /* CLNavigationController.m */ = {isa = PBXFileReference; fileEncoding = 4; lastKnownFileType = sourcecode.c.objc; path = CLNavigationController.m; sourceTree = "<group>"; };
		A42AC4CF1F15C74400DA0D58 /* CLTableViewController.h */ = {isa = PBXFileReference; fileEncoding = 4; lastKnownFileType = sourcecode.c.h; path = CLTableViewController.h; sourceTree = "<group>"; };
		A42AC4D01F15C74400DA0D58 /* CLTableViewController.m */ = {isa = PBXFileReference; fileEncoding = 4; lastKnownFileType = sourcecode.c.objc; path = CLTableViewController.m; sourceTree = "<group>"; };
		A42AC4ED1F15CC6C00DA0D58 /* CLCollectionViewController.h */ = {isa = PBXFileReference; fileEncoding = 4; lastKnownFileType = sourcecode.c.h; path = CLCollectionViewController.h; sourceTree = "<group>"; };
		A42AC4EE1F15CC6C00DA0D58 /* CLCollectionViewController.m */ = {isa = PBXFileReference; fileEncoding = 4; lastKnownFileType = sourcecode.c.objc; path = CLCollectionViewController.m; sourceTree = "<group>"; };
		A43299E91DF038870012DB71 /* CLUIKit.framework */ = {isa = PBXFileReference; explicitFileType = wrapper.framework; includeInIndex = 0; path = CLUIKit.framework; sourceTree = BUILT_PRODUCTS_DIR; };
		A43299EC1DF038870012DB71 /* CLUIKit.h */ = {isa = PBXFileReference; lastKnownFileType = sourcecode.c.h; path = CLUIKit.h; sourceTree = "<group>"; };
		A43299ED1DF038870012DB71 /* Info.plist */ = {isa = PBXFileReference; lastKnownFileType = text.plist.xml; path = Info.plist; sourceTree = "<group>"; };
		A43299F21DF038870012DB71 /* CLUIKitTests.xctest */ = {isa = PBXFileReference; explicitFileType = wrapper.cfbundle; includeInIndex = 0; path = CLUIKitTests.xctest; sourceTree = BUILT_PRODUCTS_DIR; };
		A43299F71DF038870012DB71 /* CLUIKitTests.m */ = {isa = PBXFileReference; lastKnownFileType = sourcecode.c.objc; path = CLUIKitTests.m; sourceTree = "<group>"; };
		A43299F91DF038870012DB71 /* Info.plist */ = {isa = PBXFileReference; lastKnownFileType = text.plist.xml; path = Info.plist; sourceTree = "<group>"; };
		A43F81A41F586E780086A063 /* CLButton.h */ = {isa = PBXFileReference; fileEncoding = 4; lastKnownFileType = sourcecode.c.h; path = CLButton.h; sourceTree = "<group>"; };
		A43F81A51F586E780086A063 /* CLButton.m */ = {isa = PBXFileReference; fileEncoding = 4; lastKnownFileType = sourcecode.c.objc; path = CLButton.m; sourceTree = "<group>"; };
		A459D5FC1F5A60F000254DC9 /* CLViewController.h */ = {isa = PBXFileReference; fileEncoding = 4; lastKnownFileType = sourcecode.c.h; path = CLViewController.h; sourceTree = "<group>"; };
		A459D5FD1F5A60F000254DC9 /* CLViewController.m */ = {isa = PBXFileReference; fileEncoding = 4; lastKnownFileType = sourcecode.c.objc; path = CLViewController.m; sourceTree = "<group>"; };
		A459D5FF1F5A60F000254DC9 /* CLViewControllerViewModel.h */ = {isa = PBXFileReference; fileEncoding = 4; lastKnownFileType = sourcecode.c.h; path = CLViewControllerViewModel.h; sourceTree = "<group>"; };
		A459D6001F5A60F000254DC9 /* CLViewControllerViewModel.m */ = {isa = PBXFileReference; fileEncoding = 4; lastKnownFileType = sourcecode.c.objc; path = CLViewControllerViewModel.m; sourceTree = "<group>"; };
		A45ABA5B1FE824F8005CCFD3 /* UIFont+CLFont.h */ = {isa = PBXFileReference; fileEncoding = 4; lastKnownFileType = sourcecode.c.h; path = "UIFont+CLFont.h"; sourceTree = "<group>"; };
		A45ABA5C1FE824F8005CCFD3 /* UIFont+CLFont.m */ = {isa = PBXFileReference; fileEncoding = 4; lastKnownFileType = sourcecode.c.objc; path = "UIFont+CLFont.m"; sourceTree = "<group>"; };
		A48DBB351FCFEB7B0017D1A0 /* CLTextField.h */ = {isa = PBXFileReference; fileEncoding = 4; lastKnownFileType = sourcecode.c.h; path = CLTextField.h; sourceTree = "<group>"; };
		A48DBB361FCFEB7B0017D1A0 /* CLTextField.m */ = {isa = PBXFileReference; fileEncoding = 4; lastKnownFileType = sourcecode.c.objc; path = CLTextField.m; sourceTree = "<group>"; };
		A48DBB3B1FCFF7970017D1A0 /* CLCollectionViewViewModel.m */ = {isa = PBXFileReference; fileEncoding = 4; lastKnownFileType = sourcecode.c.objc; path = CLCollectionViewViewModel.m; sourceTree = "<group>"; };
		A48DBB3C1FCFF7970017D1A0 /* CLCollectionViewViewModel.h */ = {isa = PBXFileReference; fileEncoding = 4; lastKnownFileType = sourcecode.c.h; path = CLCollectionViewViewModel.h; sourceTree = "<group>"; };
		A48DBB3E1FCFF7970017D1A0 /* CLCollectionViewDataSource.m */ = {isa = PBXFileReference; fileEncoding = 4; lastKnownFileType = sourcecode.c.objc; path = CLCollectionViewDataSource.m; sourceTree = "<group>"; };
		A48DBB3F1FCFF7970017D1A0 /* CLCollectionViewDataSource.h */ = {isa = PBXFileReference; fileEncoding = 4; lastKnownFileType = sourcecode.c.h; path = CLCollectionViewDataSource.h; sourceTree = "<group>"; };
		A48DBB411FCFF7970017D1A0 /* CLCollectionViewDelegate.m */ = {isa = PBXFileReference; fileEncoding = 4; lastKnownFileType = sourcecode.c.objc; path = CLCollectionViewDelegate.m; sourceTree = "<group>"; };
		A48DBB421FCFF7970017D1A0 /* CLCollectionViewDelegate.h */ = {isa = PBXFileReference; fileEncoding = 4; lastKnownFileType = sourcecode.c.h; path = CLCollectionViewDelegate.h; sourceTree = "<group>"; };
		A48DBB4A1FCFF7A20017D1A0 /* CLTableViewCell.h */ = {isa = PBXFileReference; fileEncoding = 4; lastKnownFileType = sourcecode.c.h; path = CLTableViewCell.h; sourceTree = "<group>"; };
		A48DBB4B1FCFF7A20017D1A0 /* CLTableViewCell.m */ = {isa = PBXFileReference; fileEncoding = 4; lastKnownFileType = sourcecode.c.objc; path = CLTableViewCell.m; sourceTree = "<group>"; };
		A48DBB4E1FCFF7A20017D1A0 /* CLTableViewDelegate.m */ = {isa = PBXFileReference; fileEncoding = 4; lastKnownFileType = sourcecode.c.objc; path = CLTableViewDelegate.m; sourceTree = "<group>"; };
		A48DBB4F1FCFF7A20017D1A0 /* CLTableViewDelegate.h */ = {isa = PBXFileReference; fileEncoding = 4; lastKnownFileType = sourcecode.c.h; path = CLTableViewDelegate.h; sourceTree = "<group>"; };
		A48DBB511FCFF7A20017D1A0 /* CLTableViewDataSource.h */ = {isa = PBXFileReference; fileEncoding = 4; lastKnownFileType = sourcecode.c.h; path = CLTableViewDataSource.h; sourceTree = "<group>"; };
		A48DBB521FCFF7A20017D1A0 /* CLTableViewDataSource.m */ = {isa = PBXFileReference; fileEncoding = 4; lastKnownFileType = sourcecode.c.objc; path = CLTableViewDataSource.m; sourceTree = "<group>"; };
		A48DBB541FCFF7A20017D1A0 /* CLTableViewViewModel.h */ = {isa = PBXFileReference; fileEncoding = 4; lastKnownFileType = sourcecode.c.h; path = CLTableViewViewModel.h; sourceTree = "<group>"; };
		A48DBB551FCFF7A20017D1A0 /* CLTableViewViewModel.m */ = {isa = PBXFileReference; fileEncoding = 4; lastKnownFileType = sourcecode.c.objc; path = CLTableViewViewModel.m; sourceTree = "<group>"; };
		A4DEC0361F30D42100AF4020 /* CLToolBarListView.h */ = {isa = PBXFileReference; fileEncoding = 4; lastKnownFileType = sourcecode.c.h; path = CLToolBarListView.h; sourceTree = "<group>"; };
		A4DEC0371F30D42100AF4020 /* CLToolBarListView.m */ = {isa = PBXFileReference; fileEncoding = 4; lastKnownFileType = sourcecode.c.objc; path = CLToolBarListView.m; sourceTree = "<group>"; };
/* End PBXFileReference section */

/* Begin PBXFrameworksBuildPhase section */
		A43299E51DF038870012DB71 /* Frameworks */ = {
			isa = PBXFrameworksBuildPhase;
			buildActionMask = 2147483647;
			files = (
			);
			runOnlyForDeploymentPostprocessing = 0;
		};
		A43299EF1DF038870012DB71 /* Frameworks */ = {
			isa = PBXFrameworksBuildPhase;
			buildActionMask = 2147483647;
			files = (
				A43299F31DF038870012DB71 /* CLUIKit.framework in Frameworks */,
			);
			runOnlyForDeploymentPostprocessing = 0;
		};
/* End PBXFrameworksBuildPhase section */

/* Begin PBXGroup section */
		A42061C02014AD69009C0E72 /* UICollectionView+CLCollectionView */ = {
			isa = PBXGroup;
			children = (
				A42061C22014AD69009C0E72 /* UICollectionView+CLCollectionView.h */,
				A42061C12014AD69009C0E72 /* UICollectionView+CLCollectionView.m */,
			);
			path = "UICollectionView+CLCollectionView";
			sourceTree = "<group>";
		};
		A42061C32014AD69009C0E72 /* UITableView+CLTableView */ = {
			isa = PBXGroup;
			children = (
				A42061C52014AD69009C0E72 /* UITableView+CLTableView.h */,
				A42061C42014AD69009C0E72 /* UITableView+CLTableView.m */,
			);
			path = "UITableView+CLTableView";
			sourceTree = "<group>";
		};
		A42AC4251F15C20900DA0D58 /* CLTitleView */ = {
			isa = PBXGroup;
			children = (
				A42AC4261F15C20900DA0D58 /* CLTitleView.bundle */,
				A42AC4271F15C20900DA0D58 /* CLTitleView.h */,
				A42AC4281F15C20900DA0D58 /* CLTitleView.m */,
			);
			path = CLTitleView;
			sourceTree = "<group>";
		};
		A42AC4291F15C20900DA0D58 /* CLViewController */ = {
			isa = PBXGroup;
			children = (
				A459D5FB1F5A60F000254DC9 /* Controller */,
				A459D5FE1F5A60F000254DC9 /* ViewModel */,
			);
			path = CLViewController;
			sourceTree = "<group>";
		};
		A42AC42C1F15C20900DA0D58 /* MJRefresh */ = {
			isa = PBXGroup;
			children = (
				A42AC42D1F15C20900DA0D58 /* Base */,
				A42AC4381F15C20900DA0D58 /* Custom */,
				A42AC44F1F15C20900DA0D58 /* MJRefresh.bundle */,
				A42AC4501F15C20900DA0D58 /* MJRefresh.h */,
				A42AC4511F15C20900DA0D58 /* MJRefreshConst.h */,
				A42AC4521F15C20900DA0D58 /* MJRefreshConst.m */,
				A42AC4531F15C20900DA0D58 /* NSBundle+MJRefresh.h */,
				A42AC4541F15C20900DA0D58 /* NSBundle+MJRefresh.m */,
				A42AC4551F15C20900DA0D58 /* UIScrollView+MJExtension.h */,
				A42AC4561F15C20900DA0D58 /* UIScrollView+MJExtension.m */,
				A42AC4571F15C20900DA0D58 /* UIScrollView+MJRefresh.h */,
				A42AC4581F15C20900DA0D58 /* UIScrollView+MJRefresh.m */,
				A42AC4591F15C20900DA0D58 /* UIView+MJExtension.h */,
				A42AC45A1F15C20900DA0D58 /* UIView+MJExtension.m */,
			);
			path = MJRefresh;
			sourceTree = "<group>";
		};
		A42AC42D1F15C20900DA0D58 /* Base */ = {
			isa = PBXGroup;
			children = (
				A42AC42E1F15C20900DA0D58 /* MJRefreshAutoFooter.h */,
				A42AC42F1F15C20900DA0D58 /* MJRefreshAutoFooter.m */,
				A42AC4301F15C20900DA0D58 /* MJRefreshBackFooter.h */,
				A42AC4311F15C20900DA0D58 /* MJRefreshBackFooter.m */,
				A42AC4321F15C20900DA0D58 /* MJRefreshComponent.h */,
				A42AC4331F15C20900DA0D58 /* MJRefreshComponent.m */,
				A42AC4341F15C20900DA0D58 /* MJRefreshFooter.h */,
				A42AC4351F15C20900DA0D58 /* MJRefreshFooter.m */,
				A42AC4361F15C20900DA0D58 /* MJRefreshHeader.h */,
				A42AC4371F15C20900DA0D58 /* MJRefreshHeader.m */,
			);
			path = Base;
			sourceTree = "<group>";
		};
		A42AC4381F15C20900DA0D58 /* Custom */ = {
			isa = PBXGroup;
			children = (
				A42AC4391F15C20900DA0D58 /* Footer */,
				A42AC4481F15C20900DA0D58 /* Header */,
			);
			path = Custom;
			sourceTree = "<group>";
		};
		A42AC4391F15C20900DA0D58 /* Footer */ = {
			isa = PBXGroup;
			children = (
				A42AC43A1F15C20900DA0D58 /* Auto */,
				A42AC4411F15C20900DA0D58 /* Back */,
			);
			path = Footer;
			sourceTree = "<group>";
		};
		A42AC43A1F15C20900DA0D58 /* Auto */ = {
			isa = PBXGroup;
			children = (
				A42AC43B1F15C20900DA0D58 /* MJRefreshAutoGifFooter.h */,
				A42AC43C1F15C20900DA0D58 /* MJRefreshAutoGifFooter.m */,
				A42AC43D1F15C20900DA0D58 /* MJRefreshAutoNormalFooter.h */,
				A42AC43E1F15C20900DA0D58 /* MJRefreshAutoNormalFooter.m */,
				A42AC43F1F15C20900DA0D58 /* MJRefreshAutoStateFooter.h */,
				A42AC4401F15C20900DA0D58 /* MJRefreshAutoStateFooter.m */,
			);
			path = Auto;
			sourceTree = "<group>";
		};
		A42AC4411F15C20900DA0D58 /* Back */ = {
			isa = PBXGroup;
			children = (
				A42AC4421F15C20900DA0D58 /* MJRefreshBackGifFooter.h */,
				A42AC4431F15C20900DA0D58 /* MJRefreshBackGifFooter.m */,
				A42AC4441F15C20900DA0D58 /* MJRefreshBackNormalFooter.h */,
				A42AC4451F15C20900DA0D58 /* MJRefreshBackNormalFooter.m */,
				A42AC4461F15C20900DA0D58 /* MJRefreshBackStateFooter.h */,
				A42AC4471F15C20900DA0D58 /* MJRefreshBackStateFooter.m */,
			);
			path = Back;
			sourceTree = "<group>";
		};
		A42AC4481F15C20900DA0D58 /* Header */ = {
			isa = PBXGroup;
			children = (
				A42AC4491F15C20900DA0D58 /* MJRefreshGifHeader.h */,
				A42AC44A1F15C20900DA0D58 /* MJRefreshGifHeader.m */,
				A42AC44B1F15C20900DA0D58 /* MJRefreshNormalHeader.h */,
				A42AC44C1F15C20900DA0D58 /* MJRefreshNormalHeader.m */,
				A42AC44D1F15C20900DA0D58 /* MJRefreshStateHeader.h */,
				A42AC44E1F15C20900DA0D58 /* MJRefreshStateHeader.m */,
			);
			path = Header;
			sourceTree = "<group>";
		};
		A42AC45B1F15C20900DA0D58 /* UIApplication+CLApplication */ = {
			isa = PBXGroup;
			children = (
				A42AC45C1F15C20900DA0D58 /* CLApplication.h */,
				A42AC45D1F15C20900DA0D58 /* CLApplication.m */,
			);
			path = "UIApplication+CLApplication";
			sourceTree = "<group>";
		};
		A42AC45E1F15C20900DA0D58 /* UIButton+CLButton */ = {
			isa = PBXGroup;
			children = (
				A42AC45F1F15C20900DA0D58 /* UIButton+CLButton.h */,
				A42AC4601F15C20900DA0D58 /* UIButton+CLButton.m */,
			);
			path = "UIButton+CLButton";
			sourceTree = "<group>";
		};
		A42AC4611F15C20900DA0D58 /* UIColor+CLColor */ = {
			isa = PBXGroup;
			children = (
				A42AC4621F15C20900DA0D58 /* UIColor+CLColor.h */,
				A42AC4631F15C20900DA0D58 /* UIColor+CLColor.m */,
			);
			path = "UIColor+CLColor";
			sourceTree = "<group>";
		};
		A42AC4641F15C20900DA0D58 /* UIDevice+CLDevice */ = {
			isa = PBXGroup;
			children = (
				A42AC4651F15C20900DA0D58 /* UIDevice+CLDevice.h */,
				A42AC4661F15C20900DA0D58 /* UIDevice+CLDevice.m */,
			);
			path = "UIDevice+CLDevice";
			sourceTree = "<group>";
		};
		A42AC4671F15C20900DA0D58 /* UIImage+CLImage */ = {
			isa = PBXGroup;
			children = (
				A42AC4681F15C20900DA0D58 /* UIImage+CLImage.h */,
				A42AC4691F15C20900DA0D58 /* UIImage+CLImage.m */,
			);
			path = "UIImage+CLImage";
			sourceTree = "<group>";
		};
		A42AC46D1F15C20900DA0D58 /* UIScreen+CLScreen */ = {
			isa = PBXGroup;
			children = (
				A42AC46E1F15C20900DA0D58 /* UIScreen+CLScreen.h */,
				A42AC46F1F15C20900DA0D58 /* UIScreen+CLScreen.m */,
			);
			path = "UIScreen+CLScreen";
			sourceTree = "<group>";
		};
		A42AC4701F15C20900DA0D58 /* UIViewController+CLViewController */ = {
			isa = PBXGroup;
			children = (
				A42AC4711F15C20900DA0D58 /* UIViewController+CLViewController.h */,
				A42AC4721F15C20900DA0D58 /* UIViewController+CLViewController.m */,
			);
			path = "UIViewController+CLViewController";
			sourceTree = "<group>";
		};
		A42AC4C01F15C40500DA0D58 /* CLNavigationController */ = {
			isa = PBXGroup;
			children = (
				A42AC4C11F15C40500DA0D58 /* CLNavigationController.h */,
				A42AC4C21F15C40500DA0D58 /* CLNavigationController.m */,
			);
			path = CLNavigationController;
			sourceTree = "<group>";
		};
		A42AC4CD1F15C74400DA0D58 /* CLTableViewController */ = {
			isa = PBXGroup;
			children = (
				A42AC4CE1F15C74400DA0D58 /* Controller */,
				A48DBB4C1FCFF7A20017D1A0 /* ViewModels */,
				A48DBB491FCFF7A20017D1A0 /* Views */,
			);
			path = CLTableViewController;
			sourceTree = "<group>";
		};
		A42AC4CE1F15C74400DA0D58 /* Controller */ = {
			isa = PBXGroup;
			children = (
				A42AC4CF1F15C74400DA0D58 /* CLTableViewController.h */,
				A42AC4D01F15C74400DA0D58 /* CLTableViewController.m */,
			);
			path = Controller;
			sourceTree = "<group>";
		};
		A42AC4EB1F15CC6C00DA0D58 /* CLCollectionViewController */ = {
			isa = PBXGroup;
			children = (
				A42AC4EC1F15CC6C00DA0D58 /* Controller */,
				A48DBB391FCFF7970017D1A0 /* ViewModels */,
			);
			path = CLCollectionViewController;
			sourceTree = "<group>";
		};
		A42AC4EC1F15CC6C00DA0D58 /* Controller */ = {
			isa = PBXGroup;
			children = (
				A42AC4ED1F15CC6C00DA0D58 /* CLCollectionViewController.h */,
				A42AC4EE1F15CC6C00DA0D58 /* CLCollectionViewController.m */,
			);
			path = Controller;
			sourceTree = "<group>";
		};
		A43299DF1DF038870012DB71 = {
			isa = PBXGroup;
			children = (
				A43299EB1DF038870012DB71 /* CLUIKit */,
				A43299F61DF038870012DB71 /* CLUIKitTests */,
				A43299EA1DF038870012DB71 /* Products */,
			);
			sourceTree = "<group>";
		};
		A43299EA1DF038870012DB71 /* Products */ = {
			isa = PBXGroup;
			children = (
				A43299E91DF038870012DB71 /* CLUIKit.framework */,
				A43299F21DF038870012DB71 /* CLUIKitTests.xctest */,
			);
			name = Products;
			sourceTree = "<group>";
		};
		A43299EB1DF038870012DB71 /* CLUIKit */ = {
			isa = PBXGroup;
			children = (
				A43299EC1DF038870012DB71 /* CLUIKit.h */,
				A43299ED1DF038870012DB71 /* Info.plist */,
				A43F81A31F586E780086A063 /* CLButton */,
				A42AC4EB1F15CC6C00DA0D58 /* CLCollectionViewController */,
				A42AC4C01F15C40500DA0D58 /* CLNavigationController */,
				A42AC4CD1F15C74400DA0D58 /* CLTableViewController */,
				A48DBB341FCFEB7B0017D1A0 /* CLTextField */,
				A42AC4251F15C20900DA0D58 /* CLTitleView */,
				A4DEC0351F30D42100AF4020 /* CLToolBarListView */,
				A42AC4291F15C20900DA0D58 /* CLViewController */,
				A42AC42C1F15C20900DA0D58 /* MJRefresh */,
				A42AC45B1F15C20900DA0D58 /* UIApplication+CLApplication */,
				A42AC45E1F15C20900DA0D58 /* UIButton+CLButton */,
				A42061C02014AD69009C0E72 /* UICollectionView+CLCollectionView */,
				A42AC4611F15C20900DA0D58 /* UIColor+CLColor */,
				A42AC4641F15C20900DA0D58 /* UIDevice+CLDevice */,
				A45ABA5A1FE824F8005CCFD3 /* UIFont+CLFont */,
				A42AC4671F15C20900DA0D58 /* UIImage+CLImage */,
				A42AC46D1F15C20900DA0D58 /* UIScreen+CLScreen */,
				A42061C32014AD69009C0E72 /* UITableView+CLTableView */,
				A42AC4701F15C20900DA0D58 /* UIViewController+CLViewController */,
			);
			path = CLUIKit;
			sourceTree = "<group>";
		};
		A43299F61DF038870012DB71 /* CLUIKitTests */ = {
			isa = PBXGroup;
			children = (
				A43299F71DF038870012DB71 /* CLUIKitTests.m */,
				A43299F91DF038870012DB71 /* Info.plist */,
			);
			path = CLUIKitTests;
			sourceTree = "<group>";
		};
		A43F81A31F586E780086A063 /* CLButton */ = {
			isa = PBXGroup;
			children = (
				A43F81A41F586E780086A063 /* CLButton.h */,
				A43F81A51F586E780086A063 /* CLButton.m */,
			);
			path = CLButton;
			sourceTree = "<group>";
		};
		A459D5FB1F5A60F000254DC9 /* Controller */ = {
			isa = PBXGroup;
			children = (
				A459D5FC1F5A60F000254DC9 /* CLViewController.h */,
				A459D5FD1F5A60F000254DC9 /* CLViewController.m */,
			);
			path = Controller;
			sourceTree = "<group>";
		};
		A459D5FE1F5A60F000254DC9 /* ViewModel */ = {
			isa = PBXGroup;
			children = (
				A459D5FF1F5A60F000254DC9 /* CLViewControllerViewModel.h */,
				A459D6001F5A60F000254DC9 /* CLViewControllerViewModel.m */,
			);
			path = ViewModel;
			sourceTree = "<group>";
		};
		A45ABA5A1FE824F8005CCFD3 /* UIFont+CLFont */ = {
			isa = PBXGroup;
			children = (
				A45ABA5B1FE824F8005CCFD3 /* UIFont+CLFont.h */,
				A45ABA5C1FE824F8005CCFD3 /* UIFont+CLFont.m */,
			);
			path = "UIFont+CLFont";
			sourceTree = "<group>";
		};
		A48DBB341FCFEB7B0017D1A0 /* CLTextField */ = {
			isa = PBXGroup;
			children = (
				A48DBB351FCFEB7B0017D1A0 /* CLTextField.h */,
				A48DBB361FCFEB7B0017D1A0 /* CLTextField.m */,
			);
			name = CLTextField;
			path = ../../SimpleProject/SimpleProject/Source/CLUIKit/CLTextField;
			sourceTree = "<group>";
		};
		A48DBB391FCFF7970017D1A0 /* ViewModels */ = {
			isa = PBXGroup;
			children = (
				A48DBB3A1FCFF7970017D1A0 /* CollectionViewViewModel */,
				A48DBB3D1FCFF7970017D1A0 /* CollectionViewDataSource */,
				A48DBB401FCFF7970017D1A0 /* CollectionViewDelegate */,
			);
			path = ViewModels;
			sourceTree = "<group>";
		};
		A48DBB3A1FCFF7970017D1A0 /* CollectionViewViewModel */ = {
			isa = PBXGroup;
			children = (
				A48DBB3B1FCFF7970017D1A0 /* CLCollectionViewViewModel.m */,
				A48DBB3C1FCFF7970017D1A0 /* CLCollectionViewViewModel.h */,
			);
			path = CollectionViewViewModel;
			sourceTree = "<group>";
		};
		A48DBB3D1FCFF7970017D1A0 /* CollectionViewDataSource */ = {
			isa = PBXGroup;
			children = (
				A48DBB3E1FCFF7970017D1A0 /* CLCollectionViewDataSource.m */,
				A48DBB3F1FCFF7970017D1A0 /* CLCollectionViewDataSource.h */,
			);
			path = CollectionViewDataSource;
			sourceTree = "<group>";
		};
		A48DBB401FCFF7970017D1A0 /* CollectionViewDelegate */ = {
			isa = PBXGroup;
			children = (
				A48DBB411FCFF7970017D1A0 /* CLCollectionViewDelegate.m */,
				A48DBB421FCFF7970017D1A0 /* CLCollectionViewDelegate.h */,
			);
			path = CollectionViewDelegate;
			sourceTree = "<group>";
		};
		A48DBB491FCFF7A20017D1A0 /* Views */ = {
			isa = PBXGroup;
			children = (
				A48DBB4A1FCFF7A20017D1A0 /* CLTableViewCell.h */,
				A48DBB4B1FCFF7A20017D1A0 /* CLTableViewCell.m */,
			);
			path = Views;
			sourceTree = "<group>";
		};
		A48DBB4C1FCFF7A20017D1A0 /* ViewModels */ = {
			isa = PBXGroup;
			children = (
				A48DBB4D1FCFF7A20017D1A0 /* TableViewDelegate */,
				A48DBB501FCFF7A20017D1A0 /* TableViewDataSource */,
				A48DBB531FCFF7A20017D1A0 /* TableViewViewModel */,
			);
			path = ViewModels;
			sourceTree = "<group>";
		};
		A48DBB4D1FCFF7A20017D1A0 /* TableViewDelegate */ = {
			isa = PBXGroup;
			children = (
				A48DBB4E1FCFF7A20017D1A0 /* CLTableViewDelegate.m */,
				A48DBB4F1FCFF7A20017D1A0 /* CLTableViewDelegate.h */,
			);
			path = TableViewDelegate;
			sourceTree = "<group>";
		};
		A48DBB501FCFF7A20017D1A0 /* TableViewDataSource */ = {
			isa = PBXGroup;
			children = (
				A48DBB511FCFF7A20017D1A0 /* CLTableViewDataSource.h */,
				A48DBB521FCFF7A20017D1A0 /* CLTableViewDataSource.m */,
			);
			path = TableViewDataSource;
			sourceTree = "<group>";
		};
		A48DBB531FCFF7A20017D1A0 /* TableViewViewModel */ = {
			isa = PBXGroup;
			children = (
				A48DBB541FCFF7A20017D1A0 /* CLTableViewViewModel.h */,
				A48DBB551FCFF7A20017D1A0 /* CLTableViewViewModel.m */,
			);
			path = TableViewViewModel;
			sourceTree = "<group>";
		};
		A4DEC0351F30D42100AF4020 /* CLToolBarListView */ = {
			isa = PBXGroup;
			children = (
				A4DEC0361F30D42100AF4020 /* CLToolBarListView.h */,
				A4DEC0371F30D42100AF4020 /* CLToolBarListView.m */,
			);
			path = CLToolBarListView;
			sourceTree = "<group>";
		};
/* End PBXGroup section */

/* Begin PBXHeadersBuildPhase section */
		A43299E61DF038870012DB71 /* Headers */ = {
			isa = PBXHeadersBuildPhase;
			buildActionMask = 2147483647;
			files = (
				A42AC4AC1F15C20900DA0D58 /* CLApplication.h in Headers */,
				A42AC4AE1F15C20900DA0D58 /* UIButton+CLButton.h in Headers */,
				A42AC4961F15C20900DA0D58 /* MJRefreshBackNormalFooter.h in Headers */,
				A42AC4A41F15C20900DA0D58 /* NSBundle+MJRefresh.h in Headers */,
				A42AC4841F15C20900DA0D58 /* MJRefreshAutoFooter.h in Headers */,
				A42AC49E1F15C20900DA0D58 /* MJRefreshStateHeader.h in Headers */,
				A42AC48C1F15C20900DA0D58 /* MJRefreshHeader.h in Headers */,
				A42AC4AA1F15C20900DA0D58 /* UIView+MJExtension.h in Headers */,
				A42AC4A61F15C20900DA0D58 /* UIScrollView+MJExtension.h in Headers */,
				A42AC4901F15C20900DA0D58 /* MJRefreshAutoNormalFooter.h in Headers */,
				A42AC4881F15C20900DA0D58 /* MJRefreshComponent.h in Headers */,
				A42AC4981F15C20900DA0D58 /* MJRefreshBackStateFooter.h in Headers */,
				A42AC4A81F15C20900DA0D58 /* UIScrollView+MJRefresh.h in Headers */,
				A42AC4B41F15C20900DA0D58 /* UIImage+CLImage.h in Headers */,
				A42AC4B81F15C20900DA0D58 /* UIScreen+CLScreen.h in Headers */,
				A42AC4921F15C20900DA0D58 /* MJRefreshAutoStateFooter.h in Headers */,
				A42AC4A21F15C20900DA0D58 /* MJRefreshConst.h in Headers */,
				A42AC4941F15C20900DA0D58 /* MJRefreshBackGifFooter.h in Headers */,
				A43299FA1DF038870012DB71 /* CLUIKit.h in Headers */,
				A42AC4801F15C20900DA0D58 /* CLTitleView.h in Headers */,
				A42AC49C1F15C20900DA0D58 /* MJRefreshNormalHeader.h in Headers */,
				A42AC48E1F15C20900DA0D58 /* MJRefreshAutoGifFooter.h in Headers */,
				A42AC4F91F15CC6C00DA0D58 /* CLCollectionViewController.h in Headers */,
				A42AC4C31F15C40500DA0D58 /* CLNavigationController.h in Headers */,
				A42AC4DB1F15C74400DA0D58 /* CLTableViewController.h in Headers */,
				A42AC4861F15C20900DA0D58 /* MJRefreshBackFooter.h in Headers */,
				A42AC4BA1F15C20900DA0D58 /* UIViewController+CLViewController.h in Headers */,
				A42AC48A1F15C20900DA0D58 /* MJRefreshFooter.h in Headers */,
				A4DEC0381F30D42100AF4020 /* CLToolBarListView.h in Headers */,
				A42AC4B01F15C20900DA0D58 /* UIColor+CLColor.h in Headers */,
				A48DBB591FCFF7A20017D1A0 /* CLTableViewDelegate.h in Headers */,
				A48DBB5C1FCFF7A20017D1A0 /* CLTableViewViewModel.h in Headers */,
				A48DBB461FCFF7970017D1A0 /* CLCollectionViewDataSource.h in Headers */,
				A48DBB441FCFF7970017D1A0 /* CLCollectionViewViewModel.h in Headers */,
				A48DBB481FCFF7970017D1A0 /* CLCollectionViewDelegate.h in Headers */,
				A48DBB5A1FCFF7A20017D1A0 /* CLTableViewDataSource.h in Headers */,
				A48DBB561FCFF7A20017D1A0 /* CLTableViewCell.h in Headers */,
				A42AC49A1F15C20900DA0D58 /* MJRefreshGifHeader.h in Headers */,
				A43F81A61F586E780086A063 /* CLButton.h in Headers */,
				A459D6031F5A60F000254DC9 /* CLViewControllerViewModel.h in Headers */,
				A459D6011F5A60F000254DC9 /* CLViewController.h in Headers */,
				A45ABA5D1FE824F8005CCFD3 /* UIFont+CLFont.h in Headers */,
				A42AC4B21F15C20900DA0D58 /* UIDevice+CLDevice.h in Headers */,
				A42061C92014AD69009C0E72 /* UITableView+CLTableView.h in Headers */,
				A42061C72014AD69009C0E72 /* UICollectionView+CLCollectionView.h in Headers */,
				A48DBB371FCFEB7B0017D1A0 /* CLTextField.h in Headers */,
				A42AC4A11F15C20900DA0D58 /* MJRefresh.h in Headers */,
			);
			runOnlyForDeploymentPostprocessing = 0;
		};
/* End PBXHeadersBuildPhase section */

/* Begin PBXNativeTarget section */
		A43299E81DF038870012DB71 /* CLUIKit */ = {
			isa = PBXNativeTarget;
			buildConfigurationList = A43299FD1DF038870012DB71 /* Build configuration list for PBXNativeTarget "CLUIKit" */;
			buildPhases = (
				A43299E41DF038870012DB71 /* Sources */,
				A43299E51DF038870012DB71 /* Frameworks */,
				A43299E61DF038870012DB71 /* Headers */,
				A43299E71DF038870012DB71 /* Resources */,
			);
			buildRules = (
			);
			dependencies = (
			);
			name = CLUIKit;
			productName = CLUIKit;
			productReference = A43299E91DF038870012DB71 /* CLUIKit.framework */;
			productType = "com.apple.product-type.framework";
		};
		A43299F11DF038870012DB71 /* CLUIKitTests */ = {
			isa = PBXNativeTarget;
			buildConfigurationList = A4329A001DF038870012DB71 /* Build configuration list for PBXNativeTarget "CLUIKitTests" */;
			buildPhases = (
				A43299EE1DF038870012DB71 /* Sources */,
				A43299EF1DF038870012DB71 /* Frameworks */,
				A43299F01DF038870012DB71 /* Resources */,
			);
			buildRules = (
			);
			dependencies = (
				A43299F51DF038870012DB71 /* PBXTargetDependency */,
			);
			name = CLUIKitTests;
			productName = CLUIKitTests;
			productReference = A43299F21DF038870012DB71 /* CLUIKitTests.xctest */;
			productType = "com.apple.product-type.bundle.unit-test";
		};
/* End PBXNativeTarget section */

/* Begin PBXProject section */
		A43299E01DF038870012DB71 /* Project object */ = {
			isa = PBXProject;
			attributes = {
				LastUpgradeCheck = 0820;
				ORGANIZATIONNAME = Cain;
				TargetAttributes = {
					A43299E81DF038870012DB71 = {
						CreatedOnToolsVersion = 8.1;
						DevelopmentTeam = M67UHY3N8U;
						ProvisioningStyle = Automatic;
					};
					A43299F11DF038870012DB71 = {
						CreatedOnToolsVersion = 8.1;
						ProvisioningStyle = Automatic;
					};
					A4329AC81DF039F40012DB71 = {
						CreatedOnToolsVersion = 8.1;
						ProvisioningStyle = Automatic;
					};
				};
			};
			buildConfigurationList = A43299E31DF038870012DB71 /* Build configuration list for PBXProject "CLUIKit" */;
			compatibilityVersion = "Xcode 3.2";
			developmentRegion = English;
			hasScannedForEncodings = 0;
			knownRegions = (
				en,
			);
			mainGroup = A43299DF1DF038870012DB71;
			productRefGroup = A43299EA1DF038870012DB71 /* Products */;
			projectDirPath = "";
			projectRoot = "";
			targets = (
				A43299E81DF038870012DB71 /* CLUIKit */,
				A43299F11DF038870012DB71 /* CLUIKitTests */,
				A4329AC81DF039F40012DB71 /* CLUIKit-Aggregate */,
			);
		};
/* End PBXProject section */

/* Begin PBXResourcesBuildPhase section */
		A43299E71DF038870012DB71 /* Resources */ = {
			isa = PBXResourcesBuildPhase;
			buildActionMask = 2147483647;
			files = (
				A42AC4A01F15C20900DA0D58 /* MJRefresh.bundle in Resources */,
				A42AC47F1F15C20900DA0D58 /* CLTitleView.bundle in Resources */,
			);
			runOnlyForDeploymentPostprocessing = 0;
		};
		A43299F01DF038870012DB71 /* Resources */ = {
			isa = PBXResourcesBuildPhase;
			buildActionMask = 2147483647;
			files = (
			);
			runOnlyForDeploymentPostprocessing = 0;
		};
/* End PBXResourcesBuildPhase section */

/* Begin PBXShellScriptBuildPhase section */
		A4329ACC1DF039F80012DB71 /* ShellScript */ = {
			isa = PBXShellScriptBuildPhase;
			buildActionMask = 2147483647;
			files = (
			);
			inputPaths = (
			);
			outputPaths = (
			);
			runOnlyForDeploymentPostprocessing = 0;
			shellPath = /bin/sh;
			shellScript = "if [ \"${ACTION}\" = \"build\" ]\nthen\nINSTALL_DIR=${SRCROOT}/Products/${PROJECT_NAME}.framework\n\nDEVICE_DIR=${BUILD_ROOT}/${CONFIGURATION}-iphoneos/${PROJECT_NAME}.framework\n\nSIMULATOR_DIR=${BUILD_ROOT}/${CONFIGURATION}-iphonesimulator/${PROJECT_NAME}.framework\n\n\nif [ -d \"${INSTALL_DIR}\" ]\nthen\nrm -rf \"${INSTALL_DIR}\"\nfi\n\nmkdir -p \"${INSTALL_DIR}\"\n\ncp -R \"${DEVICE_DIR}/\" \"${INSTALL_DIR}/\"\n#ditto \"${DEVICE_DIR}/Headers\" \"${INSTALL_DIR}/Headers\"\n\nlipo -create \"${DEVICE_DIR}/${PROJECT_NAME}\" \"${SIMULATOR_DIR}/${PROJECT_NAME}\" -output \"${INSTALL_DIR}/${PROJECT_NAME}\"\n\n#open \"${DEVICE_DIR}\"\nopen \"${SRCROOT}/Products\"\nfi";
		};
/* End PBXShellScriptBuildPhase section */

/* Begin PBXSourcesBuildPhase section */
		A43299E41DF038870012DB71 /* Sources */ = {
			isa = PBXSourcesBuildPhase;
			buildActionMask = 2147483647;
			files = (
				A42AC4B11F15C20900DA0D58 /* UIColor+CLColor.m in Sources */,
				A42AC4951F15C20900DA0D58 /* MJRefreshBackGifFooter.m in Sources */,
				A42AC4FA1F15CC6C00DA0D58 /* CLCollectionViewController.m in Sources */,
				A42AC48F1F15C20900DA0D58 /* MJRefreshAutoGifFooter.m in Sources */,
				A42AC49D1F15C20900DA0D58 /* MJRefreshNormalHeader.m in Sources */,
				A42AC4A71F15C20900DA0D58 /* UIScrollView+MJExtension.m in Sources */,
				A42AC4AF1F15C20900DA0D58 /* UIButton+CLButton.m in Sources */,
				A42AC4AD1F15C20900DA0D58 /* CLApplication.m in Sources */,
				A42AC4B51F15C20900DA0D58 /* UIImage+CLImage.m in Sources */,
				A45ABA5E1FE824F8005CCFD3 /* UIFont+CLFont.m in Sources */,
				A42061C82014AD69009C0E72 /* UITableView+CLTableView.m in Sources */,
				A48DBB571FCFF7A20017D1A0 /* CLTableViewCell.m in Sources */,
				A42AC4931F15C20900DA0D58 /* MJRefreshAutoStateFooter.m in Sources */,
				A48DBB471FCFF7970017D1A0 /* CLCollectionViewDelegate.m in Sources */,
				A42AC4A91F15C20900DA0D58 /* UIScrollView+MJRefresh.m in Sources */,
				A48DBB381FCFEB7B0017D1A0 /* CLTextField.m in Sources */,
				A42AC4A31F15C20900DA0D58 /* MJRefreshConst.m in Sources */,
				A42AC4811F15C20900DA0D58 /* CLTitleView.m in Sources */,
				A42AC49B1F15C20900DA0D58 /* MJRefreshGifHeader.m in Sources */,
				A42AC48B1F15C20900DA0D58 /* MJRefreshFooter.m in Sources */,
				A42AC4BB1F15C20900DA0D58 /* UIViewController+CLViewController.m in Sources */,
				A42AC49F1F15C20900DA0D58 /* MJRefreshStateHeader.m in Sources */,
				A4DEC0391F30D42100AF4020 /* CLToolBarListView.m in Sources */,
				A48DBB451FCFF7970017D1A0 /* CLCollectionViewDataSource.m in Sources */,
				A42AC4891F15C20900DA0D58 /* MJRefreshComponent.m in Sources */,
				A42AC4991F15C20900DA0D58 /* MJRefreshBackStateFooter.m in Sources */,
				A459D6041F5A60F000254DC9 /* CLViewControllerViewModel.m in Sources */,
				A48DBB5B1FCFF7A20017D1A0 /* CLTableViewDataSource.m in Sources */,
				A43F81A71F586E780086A063 /* CLButton.m in Sources */,
				A42AC4DC1F15C74400DA0D58 /* CLTableViewController.m in Sources */,
				A42AC4B31F15C20900DA0D58 /* UIDevice+CLDevice.m in Sources */,
				A48DBB5D1FCFF7A20017D1A0 /* CLTableViewViewModel.m in Sources */,
				A42AC48D1F15C20900DA0D58 /* MJRefreshHeader.m in Sources */,
				A42AC4C41F15C40500DA0D58 /* CLNavigationController.m in Sources */,
				A42AC4911F15C20900DA0D58 /* MJRefreshAutoNormalFooter.m in Sources */,
				A48DBB431FCFF7970017D1A0 /* CLCollectionViewViewModel.m in Sources */,
				A42AC4A51F15C20900DA0D58 /* NSBundle+MJRefresh.m in Sources */,
				A42061C62014AD69009C0E72 /* UICollectionView+CLCollectionView.m in Sources */,
				A42AC4AB1F15C20900DA0D58 /* UIView+MJExtension.m in Sources */,
				A459D6021F5A60F000254DC9 /* CLViewController.m in Sources */,
				A42AC4851F15C20900DA0D58 /* MJRefreshAutoFooter.m in Sources */,
				A42AC4B91F15C20900DA0D58 /* UIScreen+CLScreen.m in Sources */,
				A48DBB581FCFF7A20017D1A0 /* CLTableViewDelegate.m in Sources */,
				A42AC4971F15C20900DA0D58 /* MJRefreshBackNormalFooter.m in Sources */,
				A42AC4871F15C20900DA0D58 /* MJRefreshBackFooter.m in Sources */,
			);
			runOnlyForDeploymentPostprocessing = 0;
		};
		A43299EE1DF038870012DB71 /* Sources */ = {
			isa = PBXSourcesBuildPhase;
			buildActionMask = 2147483647;
			files = (
				A43299F81DF038870012DB71 /* CLUIKitTests.m in Sources */,
			);
			runOnlyForDeploymentPostprocessing = 0;
		};
/* End PBXSourcesBuildPhase section */

/* Begin PBXTargetDependency section */
		A43299F51DF038870012DB71 /* PBXTargetDependency */ = {
			isa = PBXTargetDependency;
			target = A43299E81DF038870012DB71 /* CLUIKit */;
			targetProxy = A43299F41DF038870012DB71 /* PBXContainerItemProxy */;
		};
/* End PBXTargetDependency section */

/* Begin XCBuildConfiguration section */
		A43299FB1DF038870012DB71 /* Debug */ = {
			isa = XCBuildConfiguration;
			buildSettings = {
				ALWAYS_SEARCH_USER_PATHS = NO;
				CLANG_ANALYZER_NONNULL = YES;
				CLANG_CXX_LANGUAGE_STANDARD = "gnu++0x";
				CLANG_CXX_LIBRARY = "libc++";
				CLANG_ENABLE_MODULES = YES;
				CLANG_ENABLE_OBJC_ARC = YES;
				CLANG_WARN_BOOL_CONVERSION = YES;
				CLANG_WARN_CONSTANT_CONVERSION = YES;
				CLANG_WARN_DIRECT_OBJC_ISA_USAGE = YES_ERROR;
				CLANG_WARN_DOCUMENTATION_COMMENTS = YES;
				CLANG_WARN_EMPTY_BODY = YES;
				CLANG_WARN_ENUM_CONVERSION = YES;
				CLANG_WARN_INFINITE_RECURSION = YES;
				CLANG_WARN_INT_CONVERSION = YES;
				CLANG_WARN_OBJC_ROOT_CLASS = YES_ERROR;
				CLANG_WARN_SUSPICIOUS_MOVE = YES;
				CLANG_WARN_SUSPICIOUS_MOVES = YES;
				CLANG_WARN_UNREACHABLE_CODE = YES;
				CLANG_WARN__DUPLICATE_METHOD_MATCH = YES;
				"CODE_SIGN_IDENTITY[sdk=iphoneos*]" = "iPhone Developer";
				COPY_PHASE_STRIP = NO;
				CURRENT_PROJECT_VERSION = 1;
				DEBUG_INFORMATION_FORMAT = dwarf;
				ENABLE_STRICT_OBJC_MSGSEND = YES;
				ENABLE_TESTABILITY = YES;
				GCC_C_LANGUAGE_STANDARD = gnu99;
				GCC_DYNAMIC_NO_PIC = NO;
				GCC_NO_COMMON_BLOCKS = YES;
				GCC_OPTIMIZATION_LEVEL = 0;
				GCC_PREPROCESSOR_DEFINITIONS = (
					"DEBUG=1",
					"$(inherited)",
				);
				GCC_WARN_64_TO_32_BIT_CONVERSION = YES;
				GCC_WARN_ABOUT_RETURN_TYPE = YES_ERROR;
				GCC_WARN_UNDECLARED_SELECTOR = YES;
				GCC_WARN_UNINITIALIZED_AUTOS = YES_AGGRESSIVE;
				GCC_WARN_UNUSED_FUNCTION = YES;
				GCC_WARN_UNUSED_VARIABLE = YES;
				IPHONEOS_DEPLOYMENT_TARGET = 10.1;
				MTL_ENABLE_DEBUG_INFO = YES;
				ONLY_ACTIVE_ARCH = YES;
				SDKROOT = iphoneos;
				TARGETED_DEVICE_FAMILY = "1,2";
				VALID_ARCHS = "arm64 armv7 armv7s i386";
				VERSIONING_SYSTEM = "apple-generic";
				VERSION_INFO_PREFIX = "";
			};
			name = Debug;
		};
		A43299FC1DF038870012DB71 /* Release */ = {
			isa = XCBuildConfiguration;
			buildSettings = {
				ALWAYS_SEARCH_USER_PATHS = NO;
				CLANG_ANALYZER_NONNULL = YES;
				CLANG_CXX_LANGUAGE_STANDARD = "gnu++0x";
				CLANG_CXX_LIBRARY = "libc++";
				CLANG_ENABLE_MODULES = YES;
				CLANG_ENABLE_OBJC_ARC = YES;
				CLANG_WARN_BOOL_CONVERSION = YES;
				CLANG_WARN_CONSTANT_CONVERSION = YES;
				CLANG_WARN_DIRECT_OBJC_ISA_USAGE = YES_ERROR;
				CLANG_WARN_DOCUMENTATION_COMMENTS = YES;
				CLANG_WARN_EMPTY_BODY = YES;
				CLANG_WARN_ENUM_CONVERSION = YES;
				CLANG_WARN_INFINITE_RECURSION = YES;
				CLANG_WARN_INT_CONVERSION = YES;
				CLANG_WARN_OBJC_ROOT_CLASS = YES_ERROR;
				CLANG_WARN_SUSPICIOUS_MOVE = YES;
				CLANG_WARN_SUSPICIOUS_MOVES = YES;
				CLANG_WARN_UNREACHABLE_CODE = YES;
				CLANG_WARN__DUPLICATE_METHOD_MATCH = YES;
				"CODE_SIGN_IDENTITY[sdk=iphoneos*]" = "iPhone Developer";
				COPY_PHASE_STRIP = NO;
				CURRENT_PROJECT_VERSION = 1;
				DEBUG_INFORMATION_FORMAT = "dwarf-with-dsym";
				ENABLE_NS_ASSERTIONS = NO;
				ENABLE_STRICT_OBJC_MSGSEND = YES;
				GCC_C_LANGUAGE_STANDARD = gnu99;
				GCC_NO_COMMON_BLOCKS = YES;
				GCC_WARN_64_TO_32_BIT_CONVERSION = YES;
				GCC_WARN_ABOUT_RETURN_TYPE = YES_ERROR;
				GCC_WARN_UNDECLARED_SELECTOR = YES;
				GCC_WARN_UNINITIALIZED_AUTOS = YES_AGGRESSIVE;
				GCC_WARN_UNUSED_FUNCTION = YES;
				GCC_WARN_UNUSED_VARIABLE = YES;
				IPHONEOS_DEPLOYMENT_TARGET = 10.1;
				MTL_ENABLE_DEBUG_INFO = NO;
				SDKROOT = iphoneos;
				TARGETED_DEVICE_FAMILY = "1,2";
				VALIDATE_PRODUCT = YES;
				VALID_ARCHS = "arm64 armv7 armv7s i386";
				VERSIONING_SYSTEM = "apple-generic";
				VERSION_INFO_PREFIX = "";
			};
			name = Release;
		};
		A43299FE1DF038870012DB71 /* Debug */ = {
			isa = XCBuildConfiguration;
			buildSettings = {
				CODE_SIGN_IDENTITY = "";
				"CODE_SIGN_IDENTITY[sdk=iphoneos*]" = "";
				DEFINES_MODULE = YES;
				DEVELOPMENT_TEAM = M67UHY3N8U;
				DYLIB_COMPATIBILITY_VERSION = 1;
				DYLIB_CURRENT_VERSION = 1;
				DYLIB_INSTALL_NAME_BASE = "@rpath";
				INFOPLIST_FILE = CLUIKit/Info.plist;
				INSTALL_PATH = "$(LOCAL_LIBRARY_DIR)/Frameworks";
				IPHONEOS_DEPLOYMENT_TARGET = 8.0;
				LD_RUNPATH_SEARCH_PATHS = "$(inherited) @executable_path/Frameworks @loader_path/Frameworks";
				PRODUCT_BUNDLE_IDENTIFIER = com.cainLuo.CLUIKit;
				PRODUCT_NAME = "$(TARGET_NAME)";
				SKIP_INSTALL = YES;
			};
			name = Debug;
		};
		A43299FF1DF038870012DB71 /* Release */ = {
			isa = XCBuildConfiguration;
			buildSettings = {
				CODE_SIGN_IDENTITY = "";
				DEFINES_MODULE = YES;
				DEVELOPMENT_TEAM = M67UHY3N8U;
				DYLIB_COMPATIBILITY_VERSION = 1;
				DYLIB_CURRENT_VERSION = 1;
				DYLIB_INSTALL_NAME_BASE = "@rpath";
				INFOPLIST_FILE = CLUIKit/Info.plist;
				INSTALL_PATH = "$(LOCAL_LIBRARY_DIR)/Frameworks";
				IPHONEOS_DEPLOYMENT_TARGET = 8.0;
				LD_RUNPATH_SEARCH_PATHS = "$(inherited) @executable_path/Frameworks @loader_path/Frameworks";
				PRODUCT_BUNDLE_IDENTIFIER = com.cainLuo.CLUIKit;
				PRODUCT_NAME = "$(TARGET_NAME)";
				SKIP_INSTALL = YES;
			};
			name = Release;
		};
		A4329A011DF038870012DB71 /* Debug */ = {
			isa = XCBuildConfiguration;
			buildSettings = {
				INFOPLIST_FILE = CLUIKitTests/Info.plist;
				LD_RUNPATH_SEARCH_PATHS = "$(inherited) @executable_path/Frameworks @loader_path/Frameworks";
				PRODUCT_BUNDLE_IDENTIFIER = com.cainLuo.CLUIKitTests;
				PRODUCT_NAME = "$(TARGET_NAME)";
			};
			name = Debug;
		};
		A4329A021DF038870012DB71 /* Release */ = {
			isa = XCBuildConfiguration;
			buildSettings = {
				INFOPLIST_FILE = CLUIKitTests/Info.plist;
				LD_RUNPATH_SEARCH_PATHS = "$(inherited) @executable_path/Frameworks @loader_path/Frameworks";
				PRODUCT_BUNDLE_IDENTIFIER = com.cainLuo.CLUIKitTests;
				PRODUCT_NAME = "$(TARGET_NAME)";
			};
			name = Release;
		};
		A4329ACA1DF039F40012DB71 /* Debug */ = {
			isa = XCBuildConfiguration;
			buildSettings = {
				ENABLE_BITCODE = YES;
				PRODUCT_NAME = "$(TARGET_NAME)";
			};
			name = Debug;
		};
		A4329ACB1DF039F40012DB71 /* Release */ = {
			isa = XCBuildConfiguration;
			buildSettings = {
				ENABLE_BITCODE = YES;
				PRODUCT_NAME = "$(TARGET_NAME)";
			};
			name = Release;
		};
/* End XCBuildConfiguration section */

/* Begin XCConfigurationList section */
		A43299E31DF038870012DB71 /* Build configuration list for PBXProject "CLUIKit" */ = {
			isa = XCConfigurationList;
			buildConfigurations = (
				A43299FB1DF038870012DB71 /* Debug */,
				A43299FC1DF038870012DB71 /* Release */,
			);
			defaultConfigurationIsVisible = 0;
			defaultConfigurationName = Release;
		};
		A43299FD1DF038870012DB71 /* Build configuration list for PBXNativeTarget "CLUIKit" */ = {
			isa = XCConfigurationList;
			buildConfigurations = (
				A43299FE1DF038870012DB71 /* Debug */,
				A43299FF1DF038870012DB71 /* Release */,
			);
			defaultConfigurationIsVisible = 0;
			defaultConfigurationName = Release;
		};
		A4329A001DF038870012DB71 /* Build configuration list for PBXNativeTarget "CLUIKitTests" */ = {
			isa = XCConfigurationList;
			buildConfigurations = (
				A4329A011DF038870012DB71 /* Debug */,
				A4329A021DF038870012DB71 /* Release */,
			);
			defaultConfigurationIsVisible = 0;
			defaultConfigurationName = Release;
		};
		A4329AC91DF039F40012DB71 /* Build configuration list for PBXAggregateTarget "CLUIKit-Aggregate" */ = {
			isa = XCConfigurationList;
			buildConfigurations = (
				A4329ACA1DF039F40012DB71 /* Debug */,
				A4329ACB1DF039F40012DB71 /* Release */,
			);
			defaultConfigurationIsVisible = 0;
			defaultConfigurationName = Release;
		};
/* End XCConfigurationList section */
	};
	rootObject = A43299E01DF038870012DB71 /* Project object */;
}
