// !$*UTF8*$!
{
	archiveVersion = 1;
	classes = {
	};
	objectVersion = 48;
	objects = {

/* Begin PBXBuildFile section */
		0421A215201F223600BB92BA /* CLUIKit.h in Headers */ = {isa = PBXBuildFile; fileRef = 0421A213201F223600BB92BA /* CLUIKit.h */; settings = {ATTRIBUTES = (Public, ); }; };
		0421A252201F227400BB92BA /* CLApplication.h in Headers */ = {isa = PBXBuildFile; fileRef = 0421A21C201F227400BB92BA /* CLApplication.h */; settings = {ATTRIBUTES = (Public, ); }; };
		0421A253201F227400BB92BA /* CLApplication.m in Sources */ = {isa = PBXBuildFile; fileRef = 0421A21D201F227400BB92BA /* CLApplication.m */; };
		0421A254201F227400BB92BA /* CLButton.h in Headers */ = {isa = PBXBuildFile; fileRef = 0421A21E201F227400BB92BA /* CLButton.h */; settings = {ATTRIBUTES = (Public, ); }; };
		0421A255201F227400BB92BA /* CLButton.m in Sources */ = {isa = PBXBuildFile; fileRef = 0421A21F201F227400BB92BA /* CLButton.m */; };
		0421A256201F227400BB92BA /* CLNavigationController.h in Headers */ = {isa = PBXBuildFile; fileRef = 0421A220201F227400BB92BA /* CLNavigationController.h */; settings = {ATTRIBUTES = (Public, ); }; };
		0421A257201F227400BB92BA /* CLNavigationController.m in Sources */ = {isa = PBXBuildFile; fileRef = 0421A221201F227400BB92BA /* CLNavigationController.m */; };
		0421A258201F227400BB92BA /* CLTextField.h in Headers */ = {isa = PBXBuildFile; fileRef = 0421A222201F227400BB92BA /* CLTextField.h */; settings = {ATTRIBUTES = (Public, ); }; };
		0421A259201F227400BB92BA /* CLTextField.m in Sources */ = {isa = PBXBuildFile; fileRef = 0421A223201F227400BB92BA /* CLTextField.m */; };
		0421A25A201F227400BB92BA /* CLToolBarListView.h in Headers */ = {isa = PBXBuildFile; fileRef = 0421A224201F227400BB92BA /* CLToolBarListView.h */; settings = {ATTRIBUTES = (Public, ); }; };
		0421A25B201F227400BB92BA /* CLToolBarListView.m in Sources */ = {isa = PBXBuildFile; fileRef = 0421A225201F227400BB92BA /* CLToolBarListView.m */; };
		0421A25C201F227400BB92BA /* CLViewController.h in Headers */ = {isa = PBXBuildFile; fileRef = 0421A227201F227400BB92BA /* CLViewController.h */; settings = {ATTRIBUTES = (Public, ); }; };
		0421A25D201F227400BB92BA /* CLViewController.m in Sources */ = {isa = PBXBuildFile; fileRef = 0421A228201F227400BB92BA /* CLViewController.m */; };
		0421A25E201F227400BB92BA /* CLViewControllerViewModel.h in Headers */ = {isa = PBXBuildFile; fileRef = 0421A229201F227400BB92BA /* CLViewControllerViewModel.h */; settings = {ATTRIBUTES = (Public, ); }; };
		0421A25F201F227400BB92BA /* CLViewControllerViewModel.m in Sources */ = {isa = PBXBuildFile; fileRef = 0421A22A201F227400BB92BA /* CLViewControllerViewModel.m */; };
		0421A260201F227400BB92BA /* CLCollectionViewController.h in Headers */ = {isa = PBXBuildFile; fileRef = 0421A22C201F227400BB92BA /* CLCollectionViewController.h */; settings = {ATTRIBUTES = (Public, ); }; };
		0421A261201F227400BB92BA /* CLCollectionViewController.m in Sources */ = {isa = PBXBuildFile; fileRef = 0421A22D201F227400BB92BA /* CLCollectionViewController.m */; };
		0421A262201F227400BB92BA /* CLCollectionViewDataSource.h in Headers */ = {isa = PBXBuildFile; fileRef = 0421A22E201F227400BB92BA /* CLCollectionViewDataSource.h */; settings = {ATTRIBUTES = (Public, ); }; };
		0421A263201F227400BB92BA /* CLCollectionViewDataSource.m in Sources */ = {isa = PBXBuildFile; fileRef = 0421A22F201F227400BB92BA /* CLCollectionViewDataSource.m */; };
		0421A264201F227400BB92BA /* CLCollectionViewDelegate.h in Headers */ = {isa = PBXBuildFile; fileRef = 0421A230201F227400BB92BA /* CLCollectionViewDelegate.h */; settings = {ATTRIBUTES = (Public, ); }; };
		0421A265201F227400BB92BA /* CLCollectionViewDelegate.m in Sources */ = {isa = PBXBuildFile; fileRef = 0421A231201F227400BB92BA /* CLCollectionViewDelegate.m */; };
		0421A266201F227400BB92BA /* CLCollectionViewViewModel.h in Headers */ = {isa = PBXBuildFile; fileRef = 0421A232201F227400BB92BA /* CLCollectionViewViewModel.h */; settings = {ATTRIBUTES = (Public, ); }; };
		0421A267201F227400BB92BA /* CLCollectionViewViewModel.m in Sources */ = {isa = PBXBuildFile; fileRef = 0421A233201F227400BB92BA /* CLCollectionViewViewModel.m */; };
		0421A268201F227400BB92BA /* UIButton+CLButton.h in Headers */ = {isa = PBXBuildFile; fileRef = 0421A235201F227400BB92BA /* UIButton+CLButton.h */; settings = {ATTRIBUTES = (Public, ); }; };
		0421A269201F227400BB92BA /* UIButton+CLButton.m in Sources */ = {isa = PBXBuildFile; fileRef = 0421A236201F227400BB92BA /* UIButton+CLButton.m */; };
		0421A26A201F227400BB92BA /* UICollectionView+CLCollectionView.h in Headers */ = {isa = PBXBuildFile; fileRef = 0421A237201F227400BB92BA /* UICollectionView+CLCollectionView.h */; settings = {ATTRIBUTES = (Public, ); }; };
		0421A26B201F227400BB92BA /* UICollectionView+CLCollectionView.m in Sources */ = {isa = PBXBuildFile; fileRef = 0421A238201F227400BB92BA /* UICollectionView+CLCollectionView.m */; };
		0421A26C201F227400BB92BA /* UIColor+CLColor.h in Headers */ = {isa = PBXBuildFile; fileRef = 0421A239201F227400BB92BA /* UIColor+CLColor.h */; settings = {ATTRIBUTES = (Public, ); }; };
		0421A26D201F227400BB92BA /* UIColor+CLColor.m in Sources */ = {isa = PBXBuildFile; fileRef = 0421A23A201F227400BB92BA /* UIColor+CLColor.m */; };
		0421A26E201F227400BB92BA /* UIDevice+CLDevice.h in Headers */ = {isa = PBXBuildFile; fileRef = 0421A23B201F227400BB92BA /* UIDevice+CLDevice.h */; settings = {ATTRIBUTES = (Public, ); }; };
		0421A26F201F227400BB92BA /* UIDevice+CLDevice.m in Sources */ = {isa = PBXBuildFile; fileRef = 0421A23C201F227400BB92BA /* UIDevice+CLDevice.m */; };
		0421A270201F227400BB92BA /* UIFont+CLFont.h in Headers */ = {isa = PBXBuildFile; fileRef = 0421A23D201F227400BB92BA /* UIFont+CLFont.h */; settings = {ATTRIBUTES = (Public, ); }; };
		0421A271201F227400BB92BA /* UIFont+CLFont.m in Sources */ = {isa = PBXBuildFile; fileRef = 0421A23E201F227400BB92BA /* UIFont+CLFont.m */; };
		0421A272201F227400BB92BA /* UIImage+CLImage.h in Headers */ = {isa = PBXBuildFile; fileRef = 0421A23F201F227400BB92BA /* UIImage+CLImage.h */; settings = {ATTRIBUTES = (Public, ); }; };
		0421A273201F227400BB92BA /* UIImage+CLImage.m in Sources */ = {isa = PBXBuildFile; fileRef = 0421A240201F227400BB92BA /* UIImage+CLImage.m */; };
		0421A274201F227400BB92BA /* UIScreen+CLScreen.h in Headers */ = {isa = PBXBuildFile; fileRef = 0421A241201F227400BB92BA /* UIScreen+CLScreen.h */; settings = {ATTRIBUTES = (Public, ); }; };
		0421A275201F227400BB92BA /* UIScreen+CLScreen.m in Sources */ = {isa = PBXBuildFile; fileRef = 0421A242201F227400BB92BA /* UIScreen+CLScreen.m */; };
		0421A276201F227400BB92BA /* UITableView+CLTableView.h in Headers */ = {isa = PBXBuildFile; fileRef = 0421A243201F227400BB92BA /* UITableView+CLTableView.h */; settings = {ATTRIBUTES = (Public, ); }; };
		0421A277201F227400BB92BA /* UITableView+CLTableView.m in Sources */ = {isa = PBXBuildFile; fileRef = 0421A244201F227400BB92BA /* UITableView+CLTableView.m */; };
		0421A278201F227400BB92BA /* UIViewController+CLViewController.h in Headers */ = {isa = PBXBuildFile; fileRef = 0421A245201F227400BB92BA /* UIViewController+CLViewController.h */; settings = {ATTRIBUTES = (Public, ); }; };
		0421A279201F227400BB92BA /* UIViewController+CLViewController.m in Sources */ = {isa = PBXBuildFile; fileRef = 0421A246201F227400BB92BA /* UIViewController+CLViewController.m */; };
		0421A27A201F227400BB92BA /* CLTableViewCell.h in Headers */ = {isa = PBXBuildFile; fileRef = 0421A248201F227400BB92BA /* CLTableViewCell.h */; settings = {ATTRIBUTES = (Public, ); }; };
		0421A27B201F227400BB92BA /* CLTableViewCell.m in Sources */ = {isa = PBXBuildFile; fileRef = 0421A249201F227400BB92BA /* CLTableViewCell.m */; };
		0421A27C201F227400BB92BA /* CLTableViewController.h in Headers */ = {isa = PBXBuildFile; fileRef = 0421A24A201F227400BB92BA /* CLTableViewController.h */; settings = {ATTRIBUTES = (Public, ); }; };
		0421A27D201F227400BB92BA /* CLTableViewController.m in Sources */ = {isa = PBXBuildFile; fileRef = 0421A24B201F227400BB92BA /* CLTableViewController.m */; };
		0421A27E201F227400BB92BA /* CLTableViewDataSource.h in Headers */ = {isa = PBXBuildFile; fileRef = 0421A24C201F227400BB92BA /* CLTableViewDataSource.h */; settings = {ATTRIBUTES = (Public, ); }; };
		0421A27F201F227400BB92BA /* CLTableViewDataSource.m in Sources */ = {isa = PBXBuildFile; fileRef = 0421A24D201F227400BB92BA /* CLTableViewDataSource.m */; };
		0421A280201F227400BB92BA /* CLTableViewDelegate.h in Headers */ = {isa = PBXBuildFile; fileRef = 0421A24E201F227400BB92BA /* CLTableViewDelegate.h */; settings = {ATTRIBUTES = (Public, ); }; };
		0421A281201F227400BB92BA /* CLTableViewDelegate.m in Sources */ = {isa = PBXBuildFile; fileRef = 0421A24F201F227400BB92BA /* CLTableViewDelegate.m */; };
		0421A282201F227400BB92BA /* CLTableViewViewModel.h in Headers */ = {isa = PBXBuildFile; fileRef = 0421A250201F227400BB92BA /* CLTableViewViewModel.h */; settings = {ATTRIBUTES = (Public, ); }; };
		0421A283201F227400BB92BA /* CLTableViewViewModel.m in Sources */ = {isa = PBXBuildFile; fileRef = 0421A251201F227400BB92BA /* CLTableViewViewModel.m */; };
/* End PBXBuildFile section */

/* Begin PBXFileReference section */
		0421A210201F223600BB92BA /* CLUIKit.framework */ = {isa = PBXFileReference; explicitFileType = wrapper.framework; includeInIndex = 0; path = CLUIKit.framework; sourceTree = BUILT_PRODUCTS_DIR; };
		0421A213201F223600BB92BA /* CLUIKit.h */ = {isa = PBXFileReference; lastKnownFileType = sourcecode.c.h; path = CLUIKit.h; sourceTree = "<group>"; };
		0421A214201F223600BB92BA /* Info.plist */ = {isa = PBXFileReference; lastKnownFileType = text.plist.xml; path = Info.plist; sourceTree = "<group>"; };
		0421A21C201F227400BB92BA /* CLApplication.h */ = {isa = PBXFileReference; fileEncoding = 4; lastKnownFileType = sourcecode.c.h; path = CLApplication.h; sourceTree = "<group>"; };
		0421A21D201F227400BB92BA /* CLApplication.m */ = {isa = PBXFileReference; fileEncoding = 4; lastKnownFileType = sourcecode.c.objc; path = CLApplication.m; sourceTree = "<group>"; };
		0421A21E201F227400BB92BA /* CLButton.h */ = {isa = PBXFileReference; fileEncoding = 4; lastKnownFileType = sourcecode.c.h; path = CLButton.h; sourceTree = "<group>"; };
		0421A21F201F227400BB92BA /* CLButton.m */ = {isa = PBXFileReference; fileEncoding = 4; lastKnownFileType = sourcecode.c.objc; path = CLButton.m; sourceTree = "<group>"; };
		0421A220201F227400BB92BA /* CLNavigationController.h */ = {isa = PBXFileReference; fileEncoding = 4; lastKnownFileType = sourcecode.c.h; path = CLNavigationController.h; sourceTree = "<group>"; };
		0421A221201F227400BB92BA /* CLNavigationController.m */ = {isa = PBXFileReference; fileEncoding = 4; lastKnownFileType = sourcecode.c.objc; path = CLNavigationController.m; sourceTree = "<group>"; };
		0421A222201F227400BB92BA /* CLTextField.h */ = {isa = PBXFileReference; fileEncoding = 4; lastKnownFileType = sourcecode.c.h; path = CLTextField.h; sourceTree = "<group>"; };
		0421A223201F227400BB92BA /* CLTextField.m */ = {isa = PBXFileReference; fileEncoding = 4; lastKnownFileType = sourcecode.c.objc; path = CLTextField.m; sourceTree = "<group>"; };
		0421A224201F227400BB92BA /* CLToolBarListView.h */ = {isa = PBXFileReference; fileEncoding = 4; lastKnownFileType = sourcecode.c.h; path = CLToolBarListView.h; sourceTree = "<group>"; };
		0421A225201F227400BB92BA /* CLToolBarListView.m */ = {isa = PBXFileReference; fileEncoding = 4; lastKnownFileType = sourcecode.c.objc; path = CLToolBarListView.m; sourceTree = "<group>"; };
		0421A227201F227400BB92BA /* CLViewController.h */ = {isa = PBXFileReference; fileEncoding = 4; lastKnownFileType = sourcecode.c.h; path = CLViewController.h; sourceTree = "<group>"; };
		0421A228201F227400BB92BA /* CLViewController.m */ = {isa = PBXFileReference; fileEncoding = 4; lastKnownFileType = sourcecode.c.objc; path = CLViewController.m; sourceTree = "<group>"; };
		0421A229201F227400BB92BA /* CLViewControllerViewModel.h */ = {isa = PBXFileReference; fileEncoding = 4; lastKnownFileType = sourcecode.c.h; path = CLViewControllerViewModel.h; sourceTree = "<group>"; };
		0421A22A201F227400BB92BA /* CLViewControllerViewModel.m */ = {isa = PBXFileReference; fileEncoding = 4; lastKnownFileType = sourcecode.c.objc; path = CLViewControllerViewModel.m; sourceTree = "<group>"; };
		0421A22C201F227400BB92BA /* CLCollectionViewController.h */ = {isa = PBXFileReference; fileEncoding = 4; lastKnownFileType = sourcecode.c.h; path = CLCollectionViewController.h; sourceTree = "<group>"; };
		0421A22D201F227400BB92BA /* CLCollectionViewController.m */ = {isa = PBXFileReference; fileEncoding = 4; lastKnownFileType = sourcecode.c.objc; path = CLCollectionViewController.m; sourceTree = "<group>"; };
		0421A22E201F227400BB92BA /* CLCollectionViewDataSource.h */ = {isa = PBXFileReference; fileEncoding = 4; lastKnownFileType = sourcecode.c.h; path = CLCollectionViewDataSource.h; sourceTree = "<group>"; };
		0421A22F201F227400BB92BA /* CLCollectionViewDataSource.m */ = {isa = PBXFileReference; fileEncoding = 4; lastKnownFileType = sourcecode.c.objc; path = CLCollectionViewDataSource.m; sourceTree = "<group>"; };
		0421A230201F227400BB92BA /* CLCollectionViewDelegate.h */ = {isa = PBXFileReference; fileEncoding = 4; lastKnownFileType = sourcecode.c.h; path = CLCollectionViewDelegate.h; sourceTree = "<group>"; };
		0421A231201F227400BB92BA /* CLCollectionViewDelegate.m */ = {isa = PBXFileReference; fileEncoding = 4; lastKnownFileType = sourcecode.c.objc; path = CLCollectionViewDelegate.m; sourceTree = "<group>"; };
		0421A232201F227400BB92BA /* CLCollectionViewViewModel.h */ = {isa = PBXFileReference; fileEncoding = 4; lastKnownFileType = sourcecode.c.h; path = CLCollectionViewViewModel.h; sourceTree = "<group>"; };
		0421A233201F227400BB92BA /* CLCollectionViewViewModel.m */ = {isa = PBXFileReference; fileEncoding = 4; lastKnownFileType = sourcecode.c.objc; path = CLCollectionViewViewModel.m; sourceTree = "<group>"; };
		0421A235201F227400BB92BA /* UIButton+CLButton.h */ = {isa = PBXFileReference; fileEncoding = 4; lastKnownFileType = sourcecode.c.h; path = "UIButton+CLButton.h"; sourceTree = "<group>"; };
		0421A236201F227400BB92BA /* UIButton+CLButton.m */ = {isa = PBXFileReference; fileEncoding = 4; lastKnownFileType = sourcecode.c.objc; path = "UIButton+CLButton.m"; sourceTree = "<group>"; };
		0421A237201F227400BB92BA /* UICollectionView+CLCollectionView.h */ = {isa = PBXFileReference; fileEncoding = 4; lastKnownFileType = sourcecode.c.h; path = "UICollectionView+CLCollectionView.h"; sourceTree = "<group>"; };
		0421A238201F227400BB92BA /* UICollectionView+CLCollectionView.m */ = {isa = PBXFileReference; fileEncoding = 4; lastKnownFileType = sourcecode.c.objc; path = "UICollectionView+CLCollectionView.m"; sourceTree = "<group>"; };
		0421A239201F227400BB92BA /* UIColor+CLColor.h */ = {isa = PBXFileReference; fileEncoding = 4; lastKnownFileType = sourcecode.c.h; path = "UIColor+CLColor.h"; sourceTree = "<group>"; };
		0421A23A201F227400BB92BA /* UIColor+CLColor.m */ = {isa = PBXFileReference; fileEncoding = 4; lastKnownFileType = sourcecode.c.objc; path = "UIColor+CLColor.m"; sourceTree = "<group>"; };
		0421A23B201F227400BB92BA /* UIDevice+CLDevice.h */ = {isa = PBXFileReference; fileEncoding = 4; lastKnownFileType = sourcecode.c.h; path = "UIDevice+CLDevice.h"; sourceTree = "<group>"; };
		0421A23C201F227400BB92BA /* UIDevice+CLDevice.m */ = {isa = PBXFileReference; fileEncoding = 4; lastKnownFileType = sourcecode.c.objc; path = "UIDevice+CLDevice.m"; sourceTree = "<group>"; };
		0421A23D201F227400BB92BA /* UIFont+CLFont.h */ = {isa = PBXFileReference; fileEncoding = 4; lastKnownFileType = sourcecode.c.h; path = "UIFont+CLFont.h"; sourceTree = "<group>"; };
		0421A23E201F227400BB92BA /* UIFont+CLFont.m */ = {isa = PBXFileReference; fileEncoding = 4; lastKnownFileType = sourcecode.c.objc; path = "UIFont+CLFont.m"; sourceTree = "<group>"; };
		0421A23F201F227400BB92BA /* UIImage+CLImage.h */ = {isa = PBXFileReference; fileEncoding = 4; lastKnownFileType = sourcecode.c.h; path = "UIImage+CLImage.h"; sourceTree = "<group>"; };
		0421A240201F227400BB92BA /* UIImage+CLImage.m */ = {isa = PBXFileReference; fileEncoding = 4; lastKnownFileType = sourcecode.c.objc; path = "UIImage+CLImage.m"; sourceTree = "<group>"; };
		0421A241201F227400BB92BA /* UIScreen+CLScreen.h */ = {isa = PBXFileReference; fileEncoding = 4; lastKnownFileType = sourcecode.c.h; path = "UIScreen+CLScreen.h"; sourceTree = "<group>"; };
		0421A242201F227400BB92BA /* UIScreen+CLScreen.m */ = {isa = PBXFileReference; fileEncoding = 4; lastKnownFileType = sourcecode.c.objc; path = "UIScreen+CLScreen.m"; sourceTree = "<group>"; };
		0421A243201F227400BB92BA /* UITableView+CLTableView.h */ = {isa = PBXFileReference; fileEncoding = 4; lastKnownFileType = sourcecode.c.h; path = "UITableView+CLTableView.h"; sourceTree = "<group>"; };
		0421A244201F227400BB92BA /* UITableView+CLTableView.m */ = {isa = PBXFileReference; fileEncoding = 4; lastKnownFileType = sourcecode.c.objc; path = "UITableView+CLTableView.m"; sourceTree = "<group>"; };
		0421A245201F227400BB92BA /* UIViewController+CLViewController.h */ = {isa = PBXFileReference; fileEncoding = 4; lastKnownFileType = sourcecode.c.h; path = "UIViewController+CLViewController.h"; sourceTree = "<group>"; };
		0421A246201F227400BB92BA /* UIViewController+CLViewController.m */ = {isa = PBXFileReference; fileEncoding = 4; lastKnownFileType = sourcecode.c.objc; path = "UIViewController+CLViewController.m"; sourceTree = "<group>"; };
		0421A248201F227400BB92BA /* CLTableViewCell.h */ = {isa = PBXFileReference; fileEncoding = 4; lastKnownFileType = sourcecode.c.h; path = CLTableViewCell.h; sourceTree = "<group>"; };
		0421A249201F227400BB92BA /* CLTableViewCell.m */ = {isa = PBXFileReference; fileEncoding = 4; lastKnownFileType = sourcecode.c.objc; path = CLTableViewCell.m; sourceTree = "<group>"; };
		0421A24A201F227400BB92BA /* CLTableViewController.h */ = {isa = PBXFileReference; fileEncoding = 4; lastKnownFileType = sourcecode.c.h; path = CLTableViewController.h; sourceTree = "<group>"; };
		0421A24B201F227400BB92BA /* CLTableViewController.m */ = {isa = PBXFileReference; fileEncoding = 4; lastKnownFileType = sourcecode.c.objc; path = CLTableViewController.m; sourceTree = "<group>"; };
		0421A24C201F227400BB92BA /* CLTableViewDataSource.h */ = {isa = PBXFileReference; fileEncoding = 4; lastKnownFileType = sourcecode.c.h; path = CLTableViewDataSource.h; sourceTree = "<group>"; };
		0421A24D201F227400BB92BA /* CLTableViewDataSource.m */ = {isa = PBXFileReference; fileEncoding = 4; lastKnownFileType = sourcecode.c.objc; path = CLTableViewDataSource.m; sourceTree = "<group>"; };
		0421A24E201F227400BB92BA /* CLTableViewDelegate.h */ = {isa = PBXFileReference; fileEncoding = 4; lastKnownFileType = sourcecode.c.h; path = CLTableViewDelegate.h; sourceTree = "<group>"; };
		0421A24F201F227400BB92BA /* CLTableViewDelegate.m */ = {isa = PBXFileReference; fileEncoding = 4; lastKnownFileType = sourcecode.c.objc; path = CLTableViewDelegate.m; sourceTree = "<group>"; };
		0421A250201F227400BB92BA /* CLTableViewViewModel.h */ = {isa = PBXFileReference; fileEncoding = 4; lastKnownFileType = sourcecode.c.h; path = CLTableViewViewModel.h; sourceTree = "<group>"; };
		0421A251201F227400BB92BA /* CLTableViewViewModel.m */ = {isa = PBXFileReference; fileEncoding = 4; lastKnownFileType = sourcecode.c.objc; path = CLTableViewViewModel.m; sourceTree = "<group>"; };
/* End PBXFileReference section */

/* Begin PBXFrameworksBuildPhase section */
		0421A20C201F223600BB92BA /* Frameworks */ = {
			isa = PBXFrameworksBuildPhase;
			buildActionMask = 2147483647;
			files = (
			);
			runOnlyForDeploymentPostprocessing = 0;
		};
/* End PBXFrameworksBuildPhase section */

/* Begin PBXGroup section */
		0421A206201F223600BB92BA = {
			isa = PBXGroup;
			children = (
				0421A212201F223600BB92BA /* CLUIKit */,
				0421A211201F223600BB92BA /* Products */,
			);
			sourceTree = "<group>";
		};
		0421A211201F223600BB92BA /* Products */ = {
			isa = PBXGroup;
			children = (
				0421A210201F223600BB92BA /* CLUIKit.framework */,
			);
			name = Products;
			sourceTree = "<group>";
		};
		0421A212201F223600BB92BA /* CLUIKit */ = {
			isa = PBXGroup;
			children = (
				0421A234201F227400BB92BA /* CLCategory */,
				0421A22B201F227400BB92BA /* CLCollectionViewController */,
				0421A247201F227400BB92BA /* CLTableViewController */,
				0421A21B201F227400BB92BA /* CLUIKits */,
				0421A226201F227400BB92BA /* CLViewController */,
				0421A213201F223600BB92BA /* CLUIKit.h */,
				0421A214201F223600BB92BA /* Info.plist */,
			);
			path = CLUIKit;
			sourceTree = "<group>";
		};
		0421A21B201F227400BB92BA /* CLUIKits */ = {
			isa = PBXGroup;
			children = (
				0421A21C201F227400BB92BA /* CLApplication.h */,
				0421A21D201F227400BB92BA /* CLApplication.m */,
				0421A21E201F227400BB92BA /* CLButton.h */,
				0421A21F201F227400BB92BA /* CLButton.m */,
				0421A220201F227400BB92BA /* CLNavigationController.h */,
				0421A221201F227400BB92BA /* CLNavigationController.m */,
				0421A222201F227400BB92BA /* CLTextField.h */,
				0421A223201F227400BB92BA /* CLTextField.m */,
				0421A224201F227400BB92BA /* CLToolBarListView.h */,
				0421A225201F227400BB92BA /* CLToolBarListView.m */,
			);
			path = CLUIKits;
			sourceTree = "<group>";
		};
		0421A226201F227400BB92BA /* CLViewController */ = {
			isa = PBXGroup;
			children = (
				0421A227201F227400BB92BA /* CLViewController.h */,
				0421A228201F227400BB92BA /* CLViewController.m */,
				0421A229201F227400BB92BA /* CLViewControllerViewModel.h */,
				0421A22A201F227400BB92BA /* CLViewControllerViewModel.m */,
			);
			path = CLViewController;
			sourceTree = "<group>";
		};
		0421A22B201F227400BB92BA /* CLCollectionViewController */ = {
			isa = PBXGroup;
			children = (
				0421A22C201F227400BB92BA /* CLCollectionViewController.h */,
				0421A22D201F227400BB92BA /* CLCollectionViewController.m */,
				0421A22E201F227400BB92BA /* CLCollectionViewDataSource.h */,
				0421A22F201F227400BB92BA /* CLCollectionViewDataSource.m */,
				0421A230201F227400BB92BA /* CLCollectionViewDelegate.h */,
				0421A231201F227400BB92BA /* CLCollectionViewDelegate.m */,
				0421A232201F227400BB92BA /* CLCollectionViewViewModel.h */,
				0421A233201F227400BB92BA /* CLCollectionViewViewModel.m */,
			);
			path = CLCollectionViewController;
			sourceTree = "<group>";
		};
		0421A234201F227400BB92BA /* CLCategory */ = {
			isa = PBXGroup;
			children = (
				0421A235201F227400BB92BA /* UIButton+CLButton.h */,
				0421A236201F227400BB92BA /* UIButton+CLButton.m */,
				0421A237201F227400BB92BA /* UICollectionView+CLCollectionView.h */,
				0421A238201F227400BB92BA /* UICollectionView+CLCollectionView.m */,
				0421A239201F227400BB92BA /* UIColor+CLColor.h */,
				0421A23A201F227400BB92BA /* UIColor+CLColor.m */,
				0421A23B201F227400BB92BA /* UIDevice+CLDevice.h */,
				0421A23C201F227400BB92BA /* UIDevice+CLDevice.m */,
				0421A23D201F227400BB92BA /* UIFont+CLFont.h */,
				0421A23E201F227400BB92BA /* UIFont+CLFont.m */,
				0421A23F201F227400BB92BA /* UIImage+CLImage.h */,
				0421A240201F227400BB92BA /* UIImage+CLImage.m */,
				0421A241201F227400BB92BA /* UIScreen+CLScreen.h */,
				0421A242201F227400BB92BA /* UIScreen+CLScreen.m */,
				0421A243201F227400BB92BA /* UITableView+CLTableView.h */,
				0421A244201F227400BB92BA /* UITableView+CLTableView.m */,
				0421A245201F227400BB92BA /* UIViewController+CLViewController.h */,
				0421A246201F227400BB92BA /* UIViewController+CLViewController.m */,
			);
			path = CLCategory;
			sourceTree = "<group>";
		};
		0421A247201F227400BB92BA /* CLTableViewController */ = {
			isa = PBXGroup;
			children = (
				0421A248201F227400BB92BA /* CLTableViewCell.h */,
				0421A249201F227400BB92BA /* CLTableViewCell.m */,
				0421A24A201F227400BB92BA /* CLTableViewController.h */,
				0421A24B201F227400BB92BA /* CLTableViewController.m */,
				0421A24C201F227400BB92BA /* CLTableViewDataSource.h */,
				0421A24D201F227400BB92BA /* CLTableViewDataSource.m */,
				0421A24E201F227400BB92BA /* CLTableViewDelegate.h */,
				0421A24F201F227400BB92BA /* CLTableViewDelegate.m */,
				0421A250201F227400BB92BA /* CLTableViewViewModel.h */,
				0421A251201F227400BB92BA /* CLTableViewViewModel.m */,
			);
			path = CLTableViewController;
			sourceTree = "<group>";
		};
/* End PBXGroup section */

/* Begin PBXHeadersBuildPhase section */
		0421A20D201F223600BB92BA /* Headers */ = {
			isa = PBXHeadersBuildPhase;
			buildActionMask = 2147483647;
			files = (
				0421A282201F227400BB92BA /* CLTableViewViewModel.h in Headers */,
				0421A26C201F227400BB92BA /* UIColor+CLColor.h in Headers */,
				0421A278201F227400BB92BA /* UIViewController+CLViewController.h in Headers */,
				0421A26E201F227400BB92BA /* UIDevice+CLDevice.h in Headers */,
				0421A25C201F227400BB92BA /* CLViewController.h in Headers */,
				0421A268201F227400BB92BA /* UIButton+CLButton.h in Headers */,
				0421A27A201F227400BB92BA /* CLTableViewCell.h in Headers */,
				0421A27C201F227400BB92BA /* CLTableViewController.h in Headers */,
				0421A280201F227400BB92BA /* CLTableViewDelegate.h in Headers */,
				0421A25A201F227400BB92BA /* CLToolBarListView.h in Headers */,
				0421A276201F227400BB92BA /* UITableView+CLTableView.h in Headers */,
				0421A274201F227400BB92BA /* UIScreen+CLScreen.h in Headers */,
				0421A27E201F227400BB92BA /* CLTableViewDataSource.h in Headers */,
				0421A264201F227400BB92BA /* CLCollectionViewDelegate.h in Headers */,
				0421A252201F227400BB92BA /* CLApplication.h in Headers */,
				0421A270201F227400BB92BA /* UIFont+CLFont.h in Headers */,
				0421A25E201F227400BB92BA /* CLViewControllerViewModel.h in Headers */,
				0421A272201F227400BB92BA /* UIImage+CLImage.h in Headers */,
				0421A256201F227400BB92BA /* CLNavigationController.h in Headers */,
				0421A215201F223600BB92BA /* CLUIKit.h in Headers */,
				0421A260201F227400BB92BA /* CLCollectionViewController.h in Headers */,
				0421A26A201F227400BB92BA /* UICollectionView+CLCollectionView.h in Headers */,
				0421A262201F227400BB92BA /* CLCollectionViewDataSource.h in Headers */,
				0421A254201F227400BB92BA /* CLButton.h in Headers */,
				0421A258201F227400BB92BA /* CLTextField.h in Headers */,
				0421A266201F227400BB92BA /* CLCollectionViewViewModel.h in Headers */,
			);
			runOnlyForDeploymentPostprocessing = 0;
		};
/* End PBXHeadersBuildPhase section */

/* Begin PBXNativeTarget section */
		0421A20F201F223600BB92BA /* CLUIKit */ = {
			isa = PBXNativeTarget;
			buildConfigurationList = 0421A218201F223600BB92BA /* Build configuration list for PBXNativeTarget "CLUIKit" */;
			buildPhases = (
				0421A20B201F223600BB92BA /* Sources */,
				0421A20C201F223600BB92BA /* Frameworks */,
				0421A20D201F223600BB92BA /* Headers */,
				0421A20E201F223600BB92BA /* Resources */,
			);
			buildRules = (
			);
			dependencies = (
			);
			name = CLUIKit;
			productName = CLUIKit;
			productReference = 0421A210201F223600BB92BA /* CLUIKit.framework */;
			productType = "com.apple.product-type.framework";
		};
/* End PBXNativeTarget section */

/* Begin PBXProject section */
		0421A207201F223600BB92BA /* Project object */ = {
			isa = PBXProject;
			attributes = {
				LastUpgradeCheck = 0920;
				ORGANIZATIONNAME = CainLuo;
				TargetAttributes = {
					0421A20F201F223600BB92BA = {
						CreatedOnToolsVersion = 9.2;
						ProvisioningStyle = Automatic;
					};
				};
			};
			buildConfigurationList = 0421A20A201F223600BB92BA /* Build configuration list for PBXProject "CLUIKit" */;
			compatibilityVersion = "Xcode 8.0";
			developmentRegion = en;
			hasScannedForEncodings = 0;
			knownRegions = (
				en,
			);
			mainGroup = 0421A206201F223600BB92BA;
			productRefGroup = 0421A211201F223600BB92BA /* Products */;
			projectDirPath = "";
			projectRoot = "";
			targets = (
				0421A20F201F223600BB92BA /* CLUIKit */,
			);
		};
/* End PBXProject section */

/* Begin PBXResourcesBuildPhase section */
		0421A20E201F223600BB92BA /* Resources */ = {
			isa = PBXResourcesBuildPhase;
			buildActionMask = 2147483647;
			files = (
			);
			runOnlyForDeploymentPostprocessing = 0;
		};
/* End PBXResourcesBuildPhase section */

/* Begin PBXSourcesBuildPhase section */
		0421A20B201F223600BB92BA /* Sources */ = {
			isa = PBXSourcesBuildPhase;
			buildActionMask = 2147483647;
			files = (
				0421A275201F227400BB92BA /* UIScreen+CLScreen.m in Sources */,
				0421A273201F227400BB92BA /* UIImage+CLImage.m in Sources */,
				0421A277201F227400BB92BA /* UITableView+CLTableView.m in Sources */,
				0421A27F201F227400BB92BA /* CLTableViewDataSource.m in Sources */,
				0421A27B201F227400BB92BA /* CLTableViewCell.m in Sources */,
				0421A271201F227400BB92BA /* UIFont+CLFont.m in Sources */,
				0421A265201F227400BB92BA /* CLCollectionViewDelegate.m in Sources */,
				0421A25B201F227400BB92BA /* CLToolBarListView.m in Sources */,
				0421A261201F227400BB92BA /* CLCollectionViewController.m in Sources */,
				0421A259201F227400BB92BA /* CLTextField.m in Sources */,
				0421A279201F227400BB92BA /* UIViewController+CLViewController.m in Sources */,
				0421A27D201F227400BB92BA /* CLTableViewController.m in Sources */,
				0421A26D201F227400BB92BA /* UIColor+CLColor.m in Sources */,
				0421A26B201F227400BB92BA /* UICollectionView+CLCollectionView.m in Sources */,
				0421A255201F227400BB92BA /* CLButton.m in Sources */,
				0421A263201F227400BB92BA /* CLCollectionViewDataSource.m in Sources */,
				0421A25F201F227400BB92BA /* CLViewControllerViewModel.m in Sources */,
				0421A253201F227400BB92BA /* CLApplication.m in Sources */,
				0421A257201F227400BB92BA /* CLNavigationController.m in Sources */,
				0421A267201F227400BB92BA /* CLCollectionViewViewModel.m in Sources */,
				0421A283201F227400BB92BA /* CLTableViewViewModel.m in Sources */,
				0421A269201F227400BB92BA /* UIButton+CLButton.m in Sources */,
				0421A281201F227400BB92BA /* CLTableViewDelegate.m in Sources */,
				0421A26F201F227400BB92BA /* UIDevice+CLDevice.m in Sources */,
				0421A25D201F227400BB92BA /* CLViewController.m in Sources */,
			);
			runOnlyForDeploymentPostprocessing = 0;
		};
/* End PBXSourcesBuildPhase section */

/* Begin XCBuildConfiguration section */
		0421A216201F223600BB92BA /* Debug */ = {
			isa = XCBuildConfiguration;
			buildSettings = {
				ALWAYS_SEARCH_USER_PATHS = NO;
				CLANG_ANALYZER_NONNULL = YES;
				CLANG_ANALYZER_NUMBER_OBJECT_CONVERSION = YES_AGGRESSIVE;
				CLANG_CXX_LANGUAGE_STANDARD = "gnu++14";
				CLANG_CXX_LIBRARY = "libc++";
				CLANG_ENABLE_MODULES = YES;
				CLANG_ENABLE_OBJC_ARC = YES;
				CLANG_WARN_BLOCK_CAPTURE_AUTORELEASING = YES;
				CLANG_WARN_BOOL_CONVERSION = YES;
				CLANG_WARN_COMMA = YES;
				CLANG_WARN_CONSTANT_CONVERSION = YES;
				CLANG_WARN_DIRECT_OBJC_ISA_USAGE = YES_ERROR;
				CLANG_WARN_DOCUMENTATION_COMMENTS = YES;
				CLANG_WARN_EMPTY_BODY = YES;
				CLANG_WARN_ENUM_CONVERSION = YES;
				CLANG_WARN_INFINITE_RECURSION = YES;
				CLANG_WARN_INT_CONVERSION = YES;
				CLANG_WARN_NON_LITERAL_NULL_CONVERSION = YES;
				CLANG_WARN_OBJC_LITERAL_CONVERSION = YES;
				CLANG_WARN_OBJC_ROOT_CLASS = YES_ERROR;
				CLANG_WARN_RANGE_LOOP_ANALYSIS = YES;
				CLANG_WARN_STRICT_PROTOTYPES = YES;
				CLANG_WARN_SUSPICIOUS_MOVE = YES;
				CLANG_WARN_UNGUARDED_AVAILABILITY = YES_AGGRESSIVE;
				CLANG_WARN_UNREACHABLE_CODE = YES;
				CLANG_WARN__DUPLICATE_METHOD_MATCH = YES;
				CODE_SIGN_IDENTITY = "iPhone Developer";
				COPY_PHASE_STRIP = NO;
				CURRENT_PROJECT_VERSION = 1;
				DEBUG_INFORMATION_FORMAT = dwarf;
				ENABLE_STRICT_OBJC_MSGSEND = YES;
				ENABLE_TESTABILITY = YES;
				GCC_C_LANGUAGE_STANDARD = gnu11;
				GCC_DYNAMIC_NO_PIC = NO;
				GCC_NO_COMMON_BLOCKS = YES;
				GCC_OPTIMIZATION_LEVEL = 0;
				GCC_PREPROCESSOR_DEFINITIONS = (
					"DEBUG=1",
					"$(inherited)",
				);
				GCC_WARN_64_TO_32_BIT_CONVERSION = YES;
				GCC_WARN_ABOUT_RETURN_TYPE = YES_ERROR;
				GCC_WARN_UNDECLARED_SELECTOR = YES;
				GCC_WARN_UNINITIALIZED_AUTOS = YES_AGGRESSIVE;
				GCC_WARN_UNUSED_FUNCTION = YES;
				GCC_WARN_UNUSED_VARIABLE = YES;
				IPHONEOS_DEPLOYMENT_TARGET = 11.2;
				MTL_ENABLE_DEBUG_INFO = YES;
				ONLY_ACTIVE_ARCH = YES;
				SDKROOT = iphoneos;
				VERSIONING_SYSTEM = "apple-generic";
				VERSION_INFO_PREFIX = "";
			};
			name = Debug;
		};
		0421A217201F223600BB92BA /* Release */ = {
			isa = XCBuildConfiguration;
			buildSettings = {
				ALWAYS_SEARCH_USER_PATHS = NO;
				CLANG_ANALYZER_NONNULL = YES;
				CLANG_ANALYZER_NUMBER_OBJECT_CONVERSION = YES_AGGRESSIVE;
				CLANG_CXX_LANGUAGE_STANDARD = "gnu++14";
				CLANG_CXX_LIBRARY = "libc++";
				CLANG_ENABLE_MODULES = YES;
				CLANG_ENABLE_OBJC_ARC = YES;
				CLANG_WARN_BLOCK_CAPTURE_AUTORELEASING = YES;
				CLANG_WARN_BOOL_CONVERSION = YES;
				CLANG_WARN_COMMA = YES;
				CLANG_WARN_CONSTANT_CONVERSION = YES;
				CLANG_WARN_DIRECT_OBJC_ISA_USAGE = YES_ERROR;
				CLANG_WARN_DOCUMENTATION_COMMENTS = YES;
				CLANG_WARN_EMPTY_BODY = YES;
				CLANG_WARN_ENUM_CONVERSION = YES;
				CLANG_WARN_INFINITE_RECURSION = YES;
				CLANG_WARN_INT_CONVERSION = YES;
				CLANG_WARN_NON_LITERAL_NULL_CONVERSION = YES;
				CLANG_WARN_OBJC_LITERAL_CONVERSION = YES;
				CLANG_WARN_OBJC_ROOT_CLASS = YES_ERROR;
				CLANG_WARN_RANGE_LOOP_ANALYSIS = YES;
				CLANG_WARN_STRICT_PROTOTYPES = YES;
				CLANG_WARN_SUSPICIOUS_MOVE = YES;
				CLANG_WARN_UNGUARDED_AVAILABILITY = YES_AGGRESSIVE;
				CLANG_WARN_UNREACHABLE_CODE = YES;
				CLANG_WARN__DUPLICATE_METHOD_MATCH = YES;
				CODE_SIGN_IDENTITY = "iPhone Developer";
				COPY_PHASE_STRIP = NO;
				CURRENT_PROJECT_VERSION = 1;
				DEBUG_INFORMATION_FORMAT = "dwarf-with-dsym";
				ENABLE_NS_ASSERTIONS = NO;
				ENABLE_STRICT_OBJC_MSGSEND = YES;
				GCC_C_LANGUAGE_STANDARD = gnu11;
				GCC_NO_COMMON_BLOCKS = YES;
				GCC_WARN_64_TO_32_BIT_CONVERSION = YES;
				GCC_WARN_ABOUT_RETURN_TYPE = YES_ERROR;
				GCC_WARN_UNDECLARED_SELECTOR = YES;
				GCC_WARN_UNINITIALIZED_AUTOS = YES_AGGRESSIVE;
				GCC_WARN_UNUSED_FUNCTION = YES;
				GCC_WARN_UNUSED_VARIABLE = YES;
				IPHONEOS_DEPLOYMENT_TARGET = 11.2;
				MTL_ENABLE_DEBUG_INFO = NO;
				SDKROOT = iphoneos;
				VALIDATE_PRODUCT = YES;
				VERSIONING_SYSTEM = "apple-generic";
				VERSION_INFO_PREFIX = "";
			};
			name = Release;
		};
		0421A219201F223600BB92BA /* Debug */ = {
			isa = XCBuildConfiguration;
			buildSettings = {
				CODE_SIGN_IDENTITY = "";
				CODE_SIGN_STYLE = Automatic;
				DEFINES_MODULE = YES;
				DYLIB_COMPATIBILITY_VERSION = 1;
				DYLIB_CURRENT_VERSION = 1;
				DYLIB_INSTALL_NAME_BASE = "@rpath";
				INFOPLIST_FILE = CLUIKit/Info.plist;
				INSTALL_PATH = "$(LOCAL_LIBRARY_DIR)/Frameworks";
				IPHONEOS_DEPLOYMENT_TARGET = 8.0;
				LD_RUNPATH_SEARCH_PATHS = "$(inherited) @executable_path/Frameworks @loader_path/Frameworks";
				PRODUCT_BUNDLE_IDENTIFIER = com.CainLuo.CLUIKit;
				PRODUCT_NAME = "$(TARGET_NAME:c99extidentifier)";
				SKIP_INSTALL = YES;
				TARGETED_DEVICE_FAMILY = "1,2";
			};
			name = Debug;
		};
		0421A21A201F223600BB92BA /* Release */ = {
			isa = XCBuildConfiguration;
			buildSettings = {
				CODE_SIGN_IDENTITY = "";
				CODE_SIGN_STYLE = Automatic;
				DEFINES_MODULE = YES;
				DYLIB_COMPATIBILITY_VERSION = 1;
				DYLIB_CURRENT_VERSION = 1;
				DYLIB_INSTALL_NAME_BASE = "@rpath";
				INFOPLIST_FILE = CLUIKit/Info.plist;
				INSTALL_PATH = "$(LOCAL_LIBRARY_DIR)/Frameworks";
				IPHONEOS_DEPLOYMENT_TARGET = 8.0;
				LD_RUNPATH_SEARCH_PATHS = "$(inherited) @executable_path/Frameworks @loader_path/Frameworks";
				PRODUCT_BUNDLE_IDENTIFIER = com.CainLuo.CLUIKit;
				PRODUCT_NAME = "$(TARGET_NAME:c99extidentifier)";
				SKIP_INSTALL = YES;
				TARGETED_DEVICE_FAMILY = "1,2";
			};
			name = Release;
		};
/* End XCBuildConfiguration section */

/* Begin XCConfigurationList section */
		0421A20A201F223600BB92BA /* Build configuration list for PBXProject "CLUIKit" */ = {
			isa = XCConfigurationList;
			buildConfigurations = (
				0421A216201F223600BB92BA /* Debug */,
				0421A217201F223600BB92BA /* Release */,
			);
			defaultConfigurationIsVisible = 0;
			defaultConfigurationName = Release;
		};
		0421A218201F223600BB92BA /* Build configuration list for PBXNativeTarget "CLUIKit" */ = {
			isa = XCConfigurationList;
			buildConfigurations = (
				0421A219201F223600BB92BA /* Debug */,
				0421A21A201F223600BB92BA /* Release */,
			);
			defaultConfigurationIsVisible = 0;
			defaultConfigurationName = Release;
		};
/* End XCConfigurationList section */
	};
	rootObject = 0421A207201F223600BB92BA /* Project object */;
}
